// !$*UTF8*$!
{
	archiveVersion = 1;
	classes = {
	};
	objectVersion = 56;
	objects = {

/* Begin PBXBuildFile section */
		B637A9A42A7D26C900C73812 /* RelApp.swift in Sources */ = {isa = PBXBuildFile; fileRef = B637A9A32A7D26C900C73812 /* RelApp.swift */; };
		B637A9A62A7D26C900C73812 /* ContentView.swift in Sources */ = {isa = PBXBuildFile; fileRef = B637A9A52A7D26C900C73812 /* ContentView.swift */; };
		B637A9A82A7D26CA00C73812 /* Assets.xcassets in Resources */ = {isa = PBXBuildFile; fileRef = B637A9A72A7D26CA00C73812 /* Assets.xcassets */; };
		B637A9AB2A7D26CA00C73812 /* Preview Assets.xcassets in Resources */ = {isa = PBXBuildFile; fileRef = B637A9AA2A7D26CA00C73812 /* Preview Assets.xcassets */; };
		B637A9B52A7D26CA00C73812 /* RelTests.swift in Sources */ = {isa = PBXBuildFile; fileRef = B637A9B42A7D26CA00C73812 /* RelTests.swift */; };
		B637A9BF2A7D26CA00C73812 /* RelUITests.swift in Sources */ = {isa = PBXBuildFile; fileRef = B637A9BE2A7D26CA00C73812 /* RelUITests.swift */; };
		B637A9C12A7D26CA00C73812 /* RelUITestsLaunchTests.swift in Sources */ = {isa = PBXBuildFile; fileRef = B637A9C02A7D26CA00C73812 /* RelUITestsLaunchTests.swift */; };
/* End PBXBuildFile section */

/* Begin PBXContainerItemProxy section */
		B637A9B12A7D26CA00C73812 /* PBXContainerItemProxy */ = {
			isa = PBXContainerItemProxy;
			containerPortal = B637A9982A7D26C900C73812 /* Project object */;
			proxyType = 1;
			remoteGlobalIDString = B637A99F2A7D26C900C73812;
			remoteInfo = Rel;
		};
		B637A9BB2A7D26CA00C73812 /* PBXContainerItemProxy */ = {
			isa = PBXContainerItemProxy;
			containerPortal = B637A9982A7D26C900C73812 /* Project object */;
			proxyType = 1;
			remoteGlobalIDString = B637A99F2A7D26C900C73812;
			remoteInfo = Rel;
		};
/* End PBXContainerItemProxy section */

/* Begin PBXFileReference section */
		B637A9A02A7D26C900C73812 /* Rel.app */ = {isa = PBXFileReference; explicitFileType = wrapper.application; includeInIndex = 0; path = Rel.app; sourceTree = BUILT_PRODUCTS_DIR; };
		B637A9A32A7D26C900C73812 /* RelApp.swift */ = {isa = PBXFileReference; lastKnownFileType = sourcecode.swift; path = RelApp.swift; sourceTree = "<group>"; };
		B637A9A52A7D26C900C73812 /* ContentView.swift */ = {isa = PBXFileReference; lastKnownFileType = sourcecode.swift; path = ContentView.swift; sourceTree = "<group>"; };
		B637A9A72A7D26CA00C73812 /* Assets.xcassets */ = {isa = PBXFileReference; lastKnownFileType = folder.assetcatalog; path = Assets.xcassets; sourceTree = "<group>"; };
		B637A9AA2A7D26CA00C73812 /* Preview Assets.xcassets */ = {isa = PBXFileReference; lastKnownFileType = folder.assetcatalog; path = "Preview Assets.xcassets"; sourceTree = "<group>"; };
		B637A9B02A7D26CA00C73812 /* RelTests.xctest */ = {isa = PBXFileReference; explicitFileType = wrapper.cfbundle; includeInIndex = 0; path = RelTests.xctest; sourceTree = BUILT_PRODUCTS_DIR; };
		B637A9B42A7D26CA00C73812 /* RelTests.swift */ = {isa = PBXFileReference; lastKnownFileType = sourcecode.swift; path = RelTests.swift; sourceTree = "<group>"; };
		B637A9BA2A7D26CA00C73812 /* RelUITests.xctest */ = {isa = PBXFileReference; explicitFileType = wrapper.cfbundle; includeInIndex = 0; path = RelUITests.xctest; sourceTree = BUILT_PRODUCTS_DIR; };
		B637A9BE2A7D26CA00C73812 /* RelUITests.swift */ = {isa = PBXFileReference; lastKnownFileType = sourcecode.swift; path = RelUITests.swift; sourceTree = "<group>"; };
		B637A9C02A7D26CA00C73812 /* RelUITestsLaunchTests.swift */ = {isa = PBXFileReference; lastKnownFileType = sourcecode.swift; path = RelUITestsLaunchTests.swift; sourceTree = "<group>"; };
/* End PBXFileReference section */

/* Begin PBXFrameworksBuildPhase section */
		B637A99D2A7D26C900C73812 /* Frameworks */ = {
			isa = PBXFrameworksBuildPhase;
			buildActionMask = 2147483647;
			files = (
			);
			runOnlyForDeploymentPostprocessing = 0;
		};
		B637A9AD2A7D26CA00C73812 /* Frameworks */ = {
			isa = PBXFrameworksBuildPhase;
			buildActionMask = 2147483647;
			files = (
			);
			runOnlyForDeploymentPostprocessing = 0;
		};
		B637A9B72A7D26CA00C73812 /* Frameworks */ = {
			isa = PBXFrameworksBuildPhase;
			buildActionMask = 2147483647;
			files = (
			);
			runOnlyForDeploymentPostprocessing = 0;
		};
/* End PBXFrameworksBuildPhase section */

/* Begin PBXGroup section */
		B637A9972A7D26C900C73812 = {
			isa = PBXGroup;
			children = (
				B637A9A22A7D26C900C73812 /* Rel */,
				B637A9B32A7D26CA00C73812 /* RelTests */,
				B637A9BD2A7D26CA00C73812 /* RelUITests */,
				B637A9A12A7D26C900C73812 /* Products */,
			);
			sourceTree = "<group>";
		};
		B637A9A12A7D26C900C73812 /* Products */ = {
			isa = PBXGroup;
			children = (
				B637A9A02A7D26C900C73812 /* Rel.app */,
				B637A9B02A7D26CA00C73812 /* RelTests.xctest */,
				B637A9BA2A7D26CA00C73812 /* RelUITests.xctest */,
			);
			name = Products;
			sourceTree = "<group>";
		};
		B637A9A22A7D26C900C73812 /* Rel */ = {
			isa = PBXGroup;
			children = (
				B637A9A32A7D26C900C73812 /* RelApp.swift */,
				B637A9A52A7D26C900C73812 /* ContentView.swift */,
				B637A9A72A7D26CA00C73812 /* Assets.xcassets */,
				B637A9A92A7D26CA00C73812 /* Preview Content */,
			);
			path = Rel;
			sourceTree = "<group>";
		};
		B637A9A92A7D26CA00C73812 /* Preview Content */ = {
			isa = PBXGroup;
			children = (
				B637A9AA2A7D26CA00C73812 /* Preview Assets.xcassets */,
			);
			path = "Preview Content";
			sourceTree = "<group>";
		};
		B637A9B32A7D26CA00C73812 /* RelTests */ = {
			isa = PBXGroup;
			children = (
				B637A9B42A7D26CA00C73812 /* RelTests.swift */,
			);
			path = RelTests;
			sourceTree = "<group>";
		};
		B637A9BD2A7D26CA00C73812 /* RelUITests */ = {
			isa = PBXGroup;
			children = (
				B637A9BE2A7D26CA00C73812 /* RelUITests.swift */,
				B637A9C02A7D26CA00C73812 /* RelUITestsLaunchTests.swift */,
			);
			path = RelUITests;
			sourceTree = "<group>";
		};
/* End PBXGroup section */

/* Begin PBXNativeTarget section */
		B637A99F2A7D26C900C73812 /* Rel */ = {
			isa = PBXNativeTarget;
			buildConfigurationList = B637A9C42A7D26CA00C73812 /* Build configuration list for PBXNativeTarget "Rel" */;
			buildPhases = (
				B637A99C2A7D26C900C73812 /* Sources */,
				B637A99D2A7D26C900C73812 /* Frameworks */,
				B637A99E2A7D26C900C73812 /* Resources */,
			);
			buildRules = (
			);
			dependencies = (
			);
			name = Rel;
			productName = Rel;
			productReference = B637A9A02A7D26C900C73812 /* Rel.app */;
			productType = "com.apple.product-type.application";
		};
		B637A9AF2A7D26CA00C73812 /* RelTests */ = {
			isa = PBXNativeTarget;
			buildConfigurationList = B637A9C72A7D26CA00C73812 /* Build configuration list for PBXNativeTarget "RelTests" */;
			buildPhases = (
				B637A9AC2A7D26CA00C73812 /* Sources */,
				B637A9AD2A7D26CA00C73812 /* Frameworks */,
				B637A9AE2A7D26CA00C73812 /* Resources */,
			);
			buildRules = (
			);
			dependencies = (
				B637A9B22A7D26CA00C73812 /* PBXTargetDependency */,
			);
			name = RelTests;
			productName = RelTests;
			productReference = B637A9B02A7D26CA00C73812 /* RelTests.xctest */;
			productType = "com.apple.product-type.bundle.unit-test";
		};
		B637A9B92A7D26CA00C73812 /* RelUITests */ = {
			isa = PBXNativeTarget;
			buildConfigurationList = B637A9CA2A7D26CA00C73812 /* Build configuration list for PBXNativeTarget "RelUITests" */;
			buildPhases = (
				B637A9B62A7D26CA00C73812 /* Sources */,
				B637A9B72A7D26CA00C73812 /* Frameworks */,
				B637A9B82A7D26CA00C73812 /* Resources */,
			);
			buildRules = (
			);
			dependencies = (
				B637A9BC2A7D26CA00C73812 /* PBXTargetDependency */,
			);
			name = RelUITests;
			productName = RelUITests;
			productReference = B637A9BA2A7D26CA00C73812 /* RelUITests.xctest */;
			productType = "com.apple.product-type.bundle.ui-testing";
		};
/* End PBXNativeTarget section */

/* Begin PBXProject section */
		B637A9982A7D26C900C73812 /* Project object */ = {
			isa = PBXProject;
			attributes = {
				BuildIndependentTargetsInParallel = 1;
				LastSwiftUpdateCheck = 1420;
				LastUpgradeCheck = 1420;
				TargetAttributes = {
					B637A99F2A7D26C900C73812 = {
						CreatedOnToolsVersion = 14.2;
					};
					B637A9AF2A7D26CA00C73812 = {
						CreatedOnToolsVersion = 14.2;
						TestTargetID = B637A99F2A7D26C900C73812;
					};
					B637A9B92A7D26CA00C73812 = {
						CreatedOnToolsVersion = 14.2;
						TestTargetID = B637A99F2A7D26C900C73812;
					};
				};
			};
			buildConfigurationList = B637A99B2A7D26C900C73812 /* Build configuration list for PBXProject "Rel" */;
			compatibilityVersion = "Xcode 14.0";
			developmentRegion = en;
			hasScannedForEncodings = 0;
			knownRegions = (
				en,
				Base,
			);
			mainGroup = B637A9972A7D26C900C73812;
			productRefGroup = B637A9A12A7D26C900C73812 /* Products */;
			projectDirPath = "";
			projectRoot = "";
			targets = (
				B637A99F2A7D26C900C73812 /* Rel */,
				B637A9AF2A7D26CA00C73812 /* RelTests */,
				B637A9B92A7D26CA00C73812 /* RelUITests */,
			);
		};
/* End PBXProject section */

/* Begin PBXResourcesBuildPhase section */
		B637A99E2A7D26C900C73812 /* Resources */ = {
			isa = PBXResourcesBuildPhase;
			buildActionMask = 2147483647;
			files = (
				B637A9AB2A7D26CA00C73812 /* Preview Assets.xcassets in Resources */,
				B637A9A82A7D26CA00C73812 /* Assets.xcassets in Resources */,
			);
			runOnlyForDeploymentPostprocessing = 0;
		};
		B637A9AE2A7D26CA00C73812 /* Resources */ = {
			isa = PBXResourcesBuildPhase;
			buildActionMask = 2147483647;
			files = (
			);
			runOnlyForDeploymentPostprocessing = 0;
		};
		B637A9B82A7D26CA00C73812 /* Resources */ = {
			isa = PBXResourcesBuildPhase;
			buildActionMask = 2147483647;
			files = (
			);
			runOnlyForDeploymentPostprocessing = 0;
		};
/* End PBXResourcesBuildPhase section */

/* Begin PBXSourcesBuildPhase section */
		B637A99C2A7D26C900C73812 /* Sources */ = {
			isa = PBXSourcesBuildPhase;
			buildActionMask = 2147483647;
			files = (
				B637A9A62A7D26C900C73812 /* ContentView.swift in Sources */,
				B637A9A42A7D26C900C73812 /* RelApp.swift in Sources */,
			);
			runOnlyForDeploymentPostprocessing = 0;
		};
		B637A9AC2A7D26CA00C73812 /* Sources */ = {
			isa = PBXSourcesBuildPhase;
			buildActionMask = 2147483647;
			files = (
				B637A9B52A7D26CA00C73812 /* RelTests.swift in Sources */,
			);
			runOnlyForDeploymentPostprocessing = 0;
		};
		B637A9B62A7D26CA00C73812 /* Sources */ = {
			isa = PBXSourcesBuildPhase;
			buildActionMask = 2147483647;
			files = (
				B637A9C12A7D26CA00C73812 /* RelUITestsLaunchTests.swift in Sources */,
				B637A9BF2A7D26CA00C73812 /* RelUITests.swift in Sources */,
			);
			runOnlyForDeploymentPostprocessing = 0;
		};
/* End PBXSourcesBuildPhase section */

/* Begin PBXTargetDependency section */
		B637A9B22A7D26CA00C73812 /* PBXTargetDependency */ = {
			isa = PBXTargetDependency;
			target = B637A99F2A7D26C900C73812 /* Rel */;
			targetProxy = B637A9B12A7D26CA00C73812 /* PBXContainerItemProxy */;
		};
		B637A9BC2A7D26CA00C73812 /* PBXTargetDependency */ = {
			isa = PBXTargetDependency;
			target = B637A99F2A7D26C900C73812 /* Rel */;
			targetProxy = B637A9BB2A7D26CA00C73812 /* PBXContainerItemProxy */;
		};
/* End PBXTargetDependency section */

/* Begin XCBuildConfiguration section */
		B637A9C22A7D26CA00C73812 /* Debug */ = {
			isa = XCBuildConfiguration;
			buildSettings = {
				ALWAYS_SEARCH_USER_PATHS = NO;
				CLANG_ANALYZER_NONNULL = YES;
				CLANG_ANALYZER_NUMBER_OBJECT_CONVERSION = YES_AGGRESSIVE;
				CLANG_CXX_LANGUAGE_STANDARD = "gnu++20";
				CLANG_ENABLE_MODULES = YES;
				CLANG_ENABLE_OBJC_ARC = YES;
				CLANG_ENABLE_OBJC_WEAK = YES;
				CLANG_WARN_BLOCK_CAPTURE_AUTORELEASING = YES;
				CLANG_WARN_BOOL_CONVERSION = YES;
				CLANG_WARN_COMMA = YES;
				CLANG_WARN_CONSTANT_CONVERSION = YES;
				CLANG_WARN_DEPRECATED_OBJC_IMPLEMENTATIONS = YES;
				CLANG_WARN_DIRECT_OBJC_ISA_USAGE = YES_ERROR;
				CLANG_WARN_DOCUMENTATION_COMMENTS = YES;
				CLANG_WARN_EMPTY_BODY = YES;
				CLANG_WARN_ENUM_CONVERSION = YES;
				CLANG_WARN_INFINITE_RECURSION = YES;
				CLANG_WARN_INT_CONVERSION = YES;
				CLANG_WARN_NON_LITERAL_NULL_CONVERSION = YES;
				CLANG_WARN_OBJC_IMPLICIT_RETAIN_SELF = YES;
				CLANG_WARN_OBJC_LITERAL_CONVERSION = YES;
				CLANG_WARN_OBJC_ROOT_CLASS = YES_ERROR;
				CLANG_WARN_QUOTED_INCLUDE_IN_FRAMEWORK_HEADER = YES;
				CLANG_WARN_RANGE_LOOP_ANALYSIS = YES;
				CLANG_WARN_STRICT_PROTOTYPES = YES;
				CLANG_WARN_SUSPICIOUS_MOVE = YES;
				CLANG_WARN_UNGUARDED_AVAILABILITY = YES_AGGRESSIVE;
				CLANG_WARN_UNREACHABLE_CODE = YES;
				CLANG_WARN__DUPLICATE_METHOD_MATCH = YES;
				COPY_PHASE_STRIP = NO;
				DEBUG_INFORMATION_FORMAT = dwarf;
				ENABLE_STRICT_OBJC_MSGSEND = YES;
				ENABLE_TESTABILITY = YES;
				GCC_C_LANGUAGE_STANDARD = gnu11;
				GCC_DYNAMIC_NO_PIC = NO;
				GCC_NO_COMMON_BLOCKS = YES;
				GCC_OPTIMIZATION_LEVEL = 0;
				GCC_PREPROCESSOR_DEFINITIONS = (
					"DEBUG=1",
					"$(inherited)",
				);
				GCC_WARN_64_TO_32_BIT_CONVERSION = YES;
				GCC_WARN_ABOUT_RETURN_TYPE = YES_ERROR;
				GCC_WARN_UNDECLARED_SELECTOR = YES;
				GCC_WARN_UNINITIALIZED_AUTOS = YES_AGGRESSIVE;
				GCC_WARN_UNUSED_FUNCTION = YES;
				GCC_WARN_UNUSED_VARIABLE = YES;
				IPHONEOS_DEPLOYMENT_TARGET = 16.2;
				MTL_ENABLE_DEBUG_INFO = INCLUDE_SOURCE;
				MTL_FAST_MATH = YES;
				ONLY_ACTIVE_ARCH = YES;
				SDKROOT = iphoneos;
				SWIFT_ACTIVE_COMPILATION_CONDITIONS = DEBUG;
				SWIFT_OPTIMIZATION_LEVEL = "-Onone";
			};
			name = Debug;
		};
		B637A9C32A7D26CA00C73812 /* Release */ = {
			isa = XCBuildConfiguration;
			buildSettings = {
				ALWAYS_SEARCH_USER_PATHS = NO;
				CLANG_ANALYZER_NONNULL = YES;
				CLANG_ANALYZER_NUMBER_OBJECT_CONVERSION = YES_AGGRESSIVE;
				CLANG_CXX_LANGUAGE_STANDARD = "gnu++20";
				CLANG_ENABLE_MODULES = YES;
				CLANG_ENABLE_OBJC_ARC = YES;
				CLANG_ENABLE_OBJC_WEAK = YES;
				CLANG_WARN_BLOCK_CAPTURE_AUTORELEASING = YES;
				CLANG_WARN_BOOL_CONVERSION = YES;
				CLANG_WARN_COMMA = YES;
				CLANG_WARN_CONSTANT_CONVERSION = YES;
				CLANG_WARN_DEPRECATED_OBJC_IMPLEMENTATIONS = YES;
				CLANG_WARN_DIRECT_OBJC_ISA_USAGE = YES_ERROR;
				CLANG_WARN_DOCUMENTATION_COMMENTS = YES;
				CLANG_WARN_EMPTY_BODY = YES;
				CLANG_WARN_ENUM_CONVERSION = YES;
				CLANG_WARN_INFINITE_RECURSION = YES;
				CLANG_WARN_INT_CONVERSION = YES;
				CLANG_WARN_NON_LITERAL_NULL_CONVERSION = YES;
				CLANG_WARN_OBJC_IMPLICIT_RETAIN_SELF = YES;
				CLANG_WARN_OBJC_LITERAL_CONVERSION = YES;
				CLANG_WARN_OBJC_ROOT_CLASS = YES_ERROR;
				CLANG_WARN_QUOTED_INCLUDE_IN_FRAMEWORK_HEADER = YES;
				CLANG_WARN_RANGE_LOOP_ANALYSIS = YES;
				CLANG_WARN_STRICT_PROTOTYPES = YES;
				CLANG_WARN_SUSPICIOUS_MOVE = YES;
				CLANG_WARN_UNGUARDED_AVAILABILITY = YES_AGGRESSIVE;
				CLANG_WARN_UNREACHABLE_CODE = YES;
				CLANG_WARN__DUPLICATE_METHOD_MATCH = YES;
				COPY_PHASE_STRIP = NO;
				DEBUG_INFORMATION_FORMAT = "dwarf-with-dsym";
				ENABLE_NS_ASSERTIONS = NO;
				ENABLE_STRICT_OBJC_MSGSEND = YES;
				GCC_C_LANGUAGE_STANDARD = gnu11;
				GCC_NO_COMMON_BLOCKS = YES;
				GCC_WARN_64_TO_32_BIT_CONVERSION = YES;
				GCC_WARN_ABOUT_RETURN_TYPE = YES_ERROR;
				GCC_WARN_UNDECLARED_SELECTOR = YES;
				GCC_WARN_UNINITIALIZED_AUTOS = YES_AGGRESSIVE;
				GCC_WARN_UNUSED_FUNCTION = YES;
				GCC_WARN_UNUSED_VARIABLE = YES;
				IPHONEOS_DEPLOYMENT_TARGET = 16.2;
				MTL_ENABLE_DEBUG_INFO = NO;
				MTL_FAST_MATH = YES;
				SDKROOT = iphoneos;
				SWIFT_COMPILATION_MODE = wholemodule;
				SWIFT_OPTIMIZATION_LEVEL = "-O";
				VALIDATE_PRODUCT = YES;
			};
			name = Release;
		};
		B637A9C52A7D26CA00C73812 /* Debug */ = {
			isa = XCBuildConfiguration;
			buildSettings = {
				ASSETCATALOG_COMPILER_APPICON_NAME = AppIcon;
				ASSETCATALOG_COMPILER_GLOBAL_ACCENT_COLOR_NAME = AccentColor;
				CODE_SIGN_STYLE = Automatic;
				CURRENT_PROJECT_VERSION = 1;
				DEVELOPMENT_ASSET_PATHS = "\"Rel/Preview Content\"";
				DEVELOPMENT_TEAM = B8PR34D6DP;
				ENABLE_PREVIEWS = YES;
				GENERATE_INFOPLIST_FILE = YES;
				INFOPLIST_KEY_UIApplicationSceneManifest_Generation = YES;
				INFOPLIST_KEY_UIApplicationSupportsIndirectInputEvents = YES;
				INFOPLIST_KEY_UILaunchScreen_Generation = YES;
				INFOPLIST_KEY_UISupportedInterfaceOrientations_iPad = "UIInterfaceOrientationPortrait UIInterfaceOrientationPortraitUpsideDown UIInterfaceOrientationLandscapeLeft UIInterfaceOrientationLandscapeRight";
				INFOPLIST_KEY_UISupportedInterfaceOrientations_iPhone = "UIInterfaceOrientationPortrait UIInterfaceOrientationLandscapeLeft UIInterfaceOrientationLandscapeRight";
				LD_RUNPATH_SEARCH_PATHS = (
					"$(inherited)",
					"@executable_path/Frameworks",
				);
				MARKETING_VERSION = 1.0;
				PRODUCT_BUNDLE_IDENTIFIER = jp.yuoku.Rel;
				PRODUCT_NAME = "$(TARGET_NAME)";
				SWIFT_EMIT_LOC_STRINGS = YES;
				SWIFT_VERSION = 5.0;
				TARGETED_DEVICE_FAMILY = "1,2";
			};
			name = Debug;
		};
		B637A9C62A7D26CA00C73812 /* Release */ = {
			isa = XCBuildConfiguration;
			buildSettings = {
				ASSETCATALOG_COMPILER_APPICON_NAME = AppIcon;
				ASSETCATALOG_COMPILER_GLOBAL_ACCENT_COLOR_NAME = AccentColor;
				CODE_SIGN_STYLE = Automatic;
				CURRENT_PROJECT_VERSION = 1;
				DEVELOPMENT_ASSET_PATHS = "\"Rel/Preview Content\"";
				DEVELOPMENT_TEAM = B8PR34D6DP;
				ENABLE_PREVIEWS = YES;
				GENERATE_INFOPLIST_FILE = YES;
				INFOPLIST_KEY_UIApplicationSceneManifest_Generation = YES;
				INFOPLIST_KEY_UIApplicationSupportsIndirectInputEvents = YES;
				INFOPLIST_KEY_UILaunchScreen_Generation = YES;
				INFOPLIST_KEY_UISupportedInterfaceOrientations_iPad = "UIInterfaceOrientationPortrait UIInterfaceOrientationPortraitUpsideDown UIInterfaceOrientationLandscapeLeft UIInterfaceOrientationLandscapeRight";
				INFOPLIST_KEY_UISupportedInterfaceOrientations_iPhone = "UIInterfaceOrientationPortrait UIInterfaceOrientationLandscapeLeft UIInterfaceOrientationLandscapeRight";
				LD_RUNPATH_SEARCH_PATHS = (
					"$(inherited)",
					"@executable_path/Frameworks",
				);
				MARKETING_VERSION = 1.0;
				PRODUCT_BUNDLE_IDENTIFIER = jp.yuoku.Rel;
				PRODUCT_NAME = "$(TARGET_NAME)";
				SWIFT_EMIT_LOC_STRINGS = YES;
				SWIFT_VERSION = 5.0;
				TARGETED_DEVICE_FAMILY = "1,2";
			};
			name = Release;
		};
		B637A9C82A7D26CA00C73812 /* Debug */ = {
			isa = XCBuildConfiguration;
			buildSettings = {
				ALWAYS_EMBED_SWIFT_STANDARD_LIBRARIES = YES;
				BUNDLE_LOADER = "$(TEST_HOST)";
				CODE_SIGN_STYLE = Automatic;
				CURRENT_PROJECT_VERSION = 1;
				DEVELOPMENT_TEAM = B8PR34D6DP;
				GENERATE_INFOPLIST_FILE = YES;
				IPHONEOS_DEPLOYMENT_TARGET = 16.2;
				MARKETING_VERSION = 1.0;
				PRODUCT_BUNDLE_IDENTIFIER = jp.yuoku.RelTests;
				PRODUCT_NAME = "$(TARGET_NAME)";
				SWIFT_EMIT_LOC_STRINGS = NO;
				SWIFT_VERSION = 5.0;
				TARGETED_DEVICE_FAMILY = "1,2";
				TEST_HOST = "$(BUILT_PRODUCTS_DIR)/Rel.app/$(BUNDLE_EXECUTABLE_FOLDER_PATH)/Rel";
			};
			name = Debug;
		};
		B637A9C92A7D26CA00C73812 /* Release */ = {
			isa = XCBuildConfiguration;
			buildSettings = {
				ALWAYS_EMBED_SWIFT_STANDARD_LIBRARIES = YES;
				BUNDLE_LOADER = "$(TEST_HOST)";
				CODE_SIGN_STYLE = Automatic;
				CURRENT_PROJECT_VERSION = 1;
				DEVELOPMENT_TEAM = B8PR34D6DP;
				GENERATE_INFOPLIST_FILE = YES;
				IPHONEOS_DEPLOYMENT_TARGET = 16.2;
				MARKETING_VERSION = 1.0;
				PRODUCT_BUNDLE_IDENTIFIER = jp.yuoku.RelTests;
				PRODUCT_NAME = "$(TARGET_NAME)";
				SWIFT_EMIT_LOC_STRINGS = NO;
				SWIFT_VERSION = 5.0;
				TARGETED_DEVICE_FAMILY = "1,2";
				TEST_HOST = "$(BUILT_PRODUCTS_DIR)/Rel.app/$(BUNDLE_EXECUTABLE_FOLDER_PATH)/Rel";
			};
			name = Release;
		};
		B637A9CB2A7D26CA00C73812 /* Debug */ = {
			isa = XCBuildConfiguration;
			buildSettings = {
				ALWAYS_EMBED_SWIFT_STANDARD_LIBRARIES = YES;
				CODE_SIGN_STYLE = Automatic;
				CURRENT_PROJECT_VERSION = 1;
				DEVELOPMENT_TEAM = B8PR34D6DP;
				GENERATE_INFOPLIST_FILE = YES;
				MARKETING_VERSION = 1.0;
				PRODUCT_BUNDLE_IDENTIFIER = jp.yuoku.RelUITests;
				PRODUCT_NAME = "$(TARGET_NAME)";
				SWIFT_EMIT_LOC_STRINGS = NO;
				SWIFT_VERSION = 5.0;
				TARGETED_DEVICE_FAMILY = "1,2";
				TEST_TARGET_NAME = Rel;
			};
			name = Debug;
		};
		B637A9CC2A7D26CA00C73812 /* Release */ = {
			isa = XCBuildConfiguration;
			buildSettings = {
				ALWAYS_EMBED_SWIFT_STANDARD_LIBRARIES = YES;
				CODE_SIGN_STYLE = Automatic;
				CURRENT_PROJECT_VERSION = 1;
				DEVELOPMENT_TEAM = B8PR34D6DP;
				GENERATE_INFOPLIST_FILE = YES;
				MARKETING_VERSION = 1.0;
				PRODUCT_BUNDLE_IDENTIFIER = jp.yuoku.RelUITests;
				PRODUCT_NAME = "$(TARGET_NAME)";
				SWIFT_EMIT_LOC_STRINGS = NO;
				SWIFT_VERSION = 5.0;
				TARGETED_DEVICE_FAMILY = "1,2";
				TEST_TARGET_NAME = Rel;
			};
			name = Release;
		};
/* End XCBuildConfiguration section */

/* Begin XCConfigurationList section */
		B637A99B2A7D26C900C73812 /* Build configuration list for PBXProject "Rel" */ = {
			isa = XCConfigurationList;
			buildConfigurations = (
				B637A9C22A7D26CA00C73812 /* Debug */,
				B637A9C32A7D26CA00C73812 /* Release */,
			);
			defaultConfigurationIsVisible = 0;
			defaultConfigurationName = Release;
		};
		B637A9C42A7D26CA00C73812 /* Build configuration list for PBXNativeTarget "Rel" */ = {
			isa = XCConfigurationList;
			buildConfigurations = (
				B637A9C52A7D26CA00C73812 /* Debug */,
				B637A9C62A7D26CA00C73812 /* Release */,
			);
			defaultConfigurationIsVisible = 0;
			defaultConfigurationName = Release;
		};
		B637A9C72A7D26CA00C73812 /* Build configuration list for PBXNativeTarget "RelTests" */ = {
			isa = XCConfigurationList;
			buildConfigurations = (
				B637A9C82A7D26CA00C73812 /* Debug */,
				B637A9C92A7D26CA00C73812 /* Release */,
			);
			defaultConfigurationIsVisible = 0;
			defaultConfigurationName = Release;
		};
		B637A9CA2A7D26CA00C73812 /* Build configuration list for PBXNativeTarget "RelUITests" */ = {
			isa = XCConfigurationList;
			buildConfigurations = (
				B637A9CB2A7D26CA00C73812 /* Debug */,
				B637A9CC2A7D26CA00C73812 /* Release */,
			);
			defaultConfigurationIsVisible = 0;
			defaultConfigurationName = Release;
		};
/* End XCConfigurationList section */
	};
	rootObject = B637A9982A7D26C900C73812 /* Project object */;
}
