// !$*UTF8*$!
{
	archiveVersion = 1;
	classes = {
	};
	objectVersion = 55;
	objects = {

/* Begin PBXBuildFile section */
		17D29B8E53E7E6297DB965EE /* Pods_Rel_devTests.framework in Frameworks */ = {isa = PBXBuildFile; fileRef = D3F29705B729B1A92195DA48 /* Pods_Rel_devTests.framework */; };
		46BD923C7A0D17C2760C55FB /* (null) in Frameworks */ = {isa = PBXBuildFile; };
		87AE7CBE8F843B5E91A13463 /* Pods_Rel_stg.framework in Frameworks */ = {isa = PBXBuildFile; fileRef = 4A345B065A7067A5017C0E3B /* Pods_Rel_stg.framework */; };
		A4D491BB05CFE3CD0B190CA2 /* Pods_Rel.framework in Frameworks */ = {isa = PBXBuildFile; fileRef = F8DA3CB090329B4A32D1BEBC /* Pods_Rel.framework */; };
		B637A9A42A7D26C900C73812 /* App.swift in Sources */ = {isa = PBXBuildFile; fileRef = B637A9A32A7D26C900C73812 /* App.swift */; };
		B637A9A62A7D26C900C73812 /* ContentView.swift in Sources */ = {isa = PBXBuildFile; fileRef = B637A9A52A7D26C900C73812 /* ContentView.swift */; };
		B637A9A82A7D26CA00C73812 /* Assets.xcassets in Resources */ = {isa = PBXBuildFile; fileRef = B637A9A72A7D26CA00C73812 /* Assets.xcassets */; };
		B637A9AB2A7D26CA00C73812 /* Preview Assets.xcassets in Resources */ = {isa = PBXBuildFile; fileRef = B637A9AA2A7D26CA00C73812 /* Preview Assets.xcassets */; };
		B6E3493B2A7E83C200A3148D /* Print.swift in Sources */ = {isa = PBXBuildFile; fileRef = B6E3493A2A7E83C200A3148D /* Print.swift */; };
		B6E3493F2A7E8C1900A3148D /* ExceptionCatchable.swift in Sources */ = {isa = PBXBuildFile; fileRef = B6F71AD42A7D6224007EE493 /* ExceptionCatchable.swift */; };
		B6E349402A7E8C1900A3148D /* KeychainPasswordAttribute.swift in Sources */ = {isa = PBXBuildFile; fileRef = B6F71ACC2A7D5905007EE493 /* KeychainPasswordAttribute.swift */; };
		B6E349412A7E8C1900A3148D /* ExceptionHandler.m in Sources */ = {isa = PBXBuildFile; fileRef = B6F71AD22A7D61EB007EE493 /* ExceptionHandler.m */; };
		B6E349422A7E8C1900A3148D /* Title.swift in Sources */ = {isa = PBXBuildFile; fileRef = B6F71AC22A7D4869007EE493 /* Title.swift */; };
		B6E349432A7E8C1900A3148D /* ContentView.swift in Sources */ = {isa = PBXBuildFile; fileRef = B637A9A52A7D26C900C73812 /* ContentView.swift */; };
		B6E349442A7E8C1900A3148D /* RealmAccess.swift in Sources */ = {isa = PBXBuildFile; fileRef = B6F71ABC2A7D3A07007EE493 /* RealmAccess.swift */; };
		B6E349452A7E8C1900A3148D /* KeychainAccess.swift in Sources */ = {isa = PBXBuildFile; fileRef = B6F71ACA2A7D55D9007EE493 /* KeychainAccess.swift */; };
		B6E349462A7E8C1900A3148D /* Print.swift in Sources */ = {isa = PBXBuildFile; fileRef = B6E3493A2A7E83C200A3148D /* Print.swift */; };
		B6E349472A7E8C1900A3148D /* App.swift in Sources */ = {isa = PBXBuildFile; fileRef = B637A9A32A7D26C900C73812 /* App.swift */; };
		B6E349482A7E8C1900A3148D /* Realm+.swift in Sources */ = {isa = PBXBuildFile; fileRef = B6F71AC72A7D4AFF007EE493 /* Realm+.swift */; };
		B6E3494D2A7E8C1900A3148D /* Preview Assets.xcassets in Resources */ = {isa = PBXBuildFile; fileRef = B637A9AA2A7D26CA00C73812 /* Preview Assets.xcassets */; };
		B6E3494E2A7E8C1900A3148D /* Assets.xcassets in Resources */ = {isa = PBXBuildFile; fileRef = B637A9A72A7D26CA00C73812 /* Assets.xcassets */; };
		B6E349572A7E8C5F00A3148D /* ExceptionCatchable.swift in Sources */ = {isa = PBXBuildFile; fileRef = B6F71AD42A7D6224007EE493 /* ExceptionCatchable.swift */; };
		B6E349582A7E8C5F00A3148D /* KeychainPasswordAttribute.swift in Sources */ = {isa = PBXBuildFile; fileRef = B6F71ACC2A7D5905007EE493 /* KeychainPasswordAttribute.swift */; };
		B6E349592A7E8C5F00A3148D /* ExceptionHandler.m in Sources */ = {isa = PBXBuildFile; fileRef = B6F71AD22A7D61EB007EE493 /* ExceptionHandler.m */; };
		B6E3495A2A7E8C5F00A3148D /* Title.swift in Sources */ = {isa = PBXBuildFile; fileRef = B6F71AC22A7D4869007EE493 /* Title.swift */; };
		B6E3495B2A7E8C5F00A3148D /* ContentView.swift in Sources */ = {isa = PBXBuildFile; fileRef = B637A9A52A7D26C900C73812 /* ContentView.swift */; };
		B6E3495C2A7E8C5F00A3148D /* RealmAccess.swift in Sources */ = {isa = PBXBuildFile; fileRef = B6F71ABC2A7D3A07007EE493 /* RealmAccess.swift */; };
		B6E3495D2A7E8C5F00A3148D /* KeychainAccess.swift in Sources */ = {isa = PBXBuildFile; fileRef = B6F71ACA2A7D55D9007EE493 /* KeychainAccess.swift */; };
		B6E3495E2A7E8C5F00A3148D /* Print.swift in Sources */ = {isa = PBXBuildFile; fileRef = B6E3493A2A7E83C200A3148D /* Print.swift */; };
		B6E3495F2A7E8C5F00A3148D /* App.swift in Sources */ = {isa = PBXBuildFile; fileRef = B637A9A32A7D26C900C73812 /* App.swift */; };
		B6E349602A7E8C5F00A3148D /* Realm+.swift in Sources */ = {isa = PBXBuildFile; fileRef = B6F71AC72A7D4AFF007EE493 /* Realm+.swift */; };
		B6E349652A7E8C5F00A3148D /* Preview Assets.xcassets in Resources */ = {isa = PBXBuildFile; fileRef = B637A9AA2A7D26CA00C73812 /* Preview Assets.xcassets */; };
		B6E349662A7E8C5F00A3148D /* Assets.xcassets in Resources */ = {isa = PBXBuildFile; fileRef = B637A9A72A7D26CA00C73812 /* Assets.xcassets */; };
		B6E3498F2A7E8D8D00A3148D /* Rel_devTests.swift in Sources */ = {isa = PBXBuildFile; fileRef = B6E3498E2A7E8D8D00A3148D /* Rel_devTests.swift */; };
		B6E3499A2A7E917000A3148D /* Environment.swift in Sources */ = {isa = PBXBuildFile; fileRef = B6E349992A7E917000A3148D /* Environment.swift */; };
		B6E3499C2A7E917A00A3148D /* Environment.swift in Sources */ = {isa = PBXBuildFile; fileRef = B6E3499B2A7E917A00A3148D /* Environment.swift */; };
		B6E3499E2A7E918200A3148D /* Environment.swift in Sources */ = {isa = PBXBuildFile; fileRef = B6E3499D2A7E918200A3148D /* Environment.swift */; };
		B6E349A02A7EAC7B00A3148D /* AppDelegate.swift in Sources */ = {isa = PBXBuildFile; fileRef = B6E3499F2A7EAC7B00A3148D /* AppDelegate.swift */; };
		B6E349A12A7EACDE00A3148D /* AppDelegate.swift in Sources */ = {isa = PBXBuildFile; fileRef = B6E3499F2A7EAC7B00A3148D /* AppDelegate.swift */; };
		B6E349A22A7EACDF00A3148D /* AppDelegate.swift in Sources */ = {isa = PBXBuildFile; fileRef = B6E3499F2A7EAC7B00A3148D /* AppDelegate.swift */; };
		B6F3656C2A7F436700F3E074 /* titles.json in Resources */ = {isa = PBXBuildFile; fileRef = B6F365682A7F371100F3E074 /* titles.json */; };
		B6F3656E2A7F439600F3E074 /* JSONFileDecoder.swift in Sources */ = {isa = PBXBuildFile; fileRef = B6F3656A2A7F3F8500F3E074 /* JSONFileDecoder.swift */; };
		B6F3656F2A7F439A00F3E074 /* JSONFileDecoder.swift in Sources */ = {isa = PBXBuildFile; fileRef = B6F3656A2A7F3F8500F3E074 /* JSONFileDecoder.swift */; };
		B6F365702A7F439E00F3E074 /* titles.json in Resources */ = {isa = PBXBuildFile; fileRef = B6F365682A7F371100F3E074 /* titles.json */; };
		B6F365712A7F471200F3E074 /* JSONFileDecoder.swift in Sources */ = {isa = PBXBuildFile; fileRef = B6F3656A2A7F3F8500F3E074 /* JSONFileDecoder.swift */; };
		B6F365722A7F471900F3E074 /* titles.json in Resources */ = {isa = PBXBuildFile; fileRef = B6F365682A7F371100F3E074 /* titles.json */; };
		B6F365742A7F4A9500F3E074 /* TitleRepository.swift in Sources */ = {isa = PBXBuildFile; fileRef = B6F365732A7F4A9500F3E074 /* TitleRepository.swift */; };
		B6F365762A7F4CF700F3E074 /* TitleFilterInput.swift in Sources */ = {isa = PBXBuildFile; fileRef = B6F365752A7F4CF700F3E074 /* TitleFilterInput.swift */; };
		B6F365782A7F5E6700F3E074 /* NSPredicate+.swift in Sources */ = {isa = PBXBuildFile; fileRef = B6F365772A7F5E6700F3E074 /* NSPredicate+.swift */; };
		B6F3657B2A7F6F7D00F3E074 /* TitleFilterInput.swift in Sources */ = {isa = PBXBuildFile; fileRef = B6F365752A7F4CF700F3E074 /* TitleFilterInput.swift */; };
		B6F3657C2A7F6F7E00F3E074 /* TitleFilterInput.swift in Sources */ = {isa = PBXBuildFile; fileRef = B6F365752A7F4CF700F3E074 /* TitleFilterInput.swift */; };
		B6F3657D2A7F6F8100F3E074 /* NSPredicate+.swift in Sources */ = {isa = PBXBuildFile; fileRef = B6F365772A7F5E6700F3E074 /* NSPredicate+.swift */; };
		B6F3657E2A7F6F8100F3E074 /* NSPredicate+.swift in Sources */ = {isa = PBXBuildFile; fileRef = B6F365772A7F5E6700F3E074 /* NSPredicate+.swift */; };
		B6F365812A7F6F8D00F3E074 /* TitleRepository.swift in Sources */ = {isa = PBXBuildFile; fileRef = B6F365732A7F4A9500F3E074 /* TitleRepository.swift */; };
		B6F365822A7F6F8D00F3E074 /* TitleRepository.swift in Sources */ = {isa = PBXBuildFile; fileRef = B6F365732A7F4A9500F3E074 /* TitleRepository.swift */; };
		B6F365852A7F8EC800F3E074 /* StringFilter.swift in Sources */ = {isa = PBXBuildFile; fileRef = B6F365842A7F8EC800F3E074 /* StringFilter.swift */; };
		B6F365872A7F8F2200F3E074 /* IntFilter.swift in Sources */ = {isa = PBXBuildFile; fileRef = B6F365862A7F8F2200F3E074 /* IntFilter.swift */; };
		B6F365892A7F8F4200F3E074 /* BoolFilter.swift in Sources */ = {isa = PBXBuildFile; fileRef = B6F365882A7F8F4200F3E074 /* BoolFilter.swift */; };
		B6F3658A2A7F8F6300F3E074 /* StringFilter.swift in Sources */ = {isa = PBXBuildFile; fileRef = B6F365842A7F8EC800F3E074 /* StringFilter.swift */; };
		B6F3658B2A7F8F6400F3E074 /* StringFilter.swift in Sources */ = {isa = PBXBuildFile; fileRef = B6F365842A7F8EC800F3E074 /* StringFilter.swift */; };
		B6F3658C2A7F8F6B00F3E074 /* IntFilter.swift in Sources */ = {isa = PBXBuildFile; fileRef = B6F365862A7F8F2200F3E074 /* IntFilter.swift */; };
		B6F3658D2A7F8F6B00F3E074 /* IntFilter.swift in Sources */ = {isa = PBXBuildFile; fileRef = B6F365862A7F8F2200F3E074 /* IntFilter.swift */; };
		B6F3658E2A7F8F7300F3E074 /* BoolFilter.swift in Sources */ = {isa = PBXBuildFile; fileRef = B6F365882A7F8F4200F3E074 /* BoolFilter.swift */; };
		B6F3658F2A7F8F7400F3E074 /* BoolFilter.swift in Sources */ = {isa = PBXBuildFile; fileRef = B6F365882A7F8F4200F3E074 /* BoolFilter.swift */; };
		B6F365912A7FC8F500F3E074 /* DateFilter.swift in Sources */ = {isa = PBXBuildFile; fileRef = B6F365902A7FC8F500F3E074 /* DateFilter.swift */; };
		B6F365922A7FCC1E00F3E074 /* DateFilter.swift in Sources */ = {isa = PBXBuildFile; fileRef = B6F365902A7FC8F500F3E074 /* DateFilter.swift */; };
		B6F365932A7FCC1F00F3E074 /* DateFilter.swift in Sources */ = {isa = PBXBuildFile; fileRef = B6F365902A7FC8F500F3E074 /* DateFilter.swift */; };
		B6F71ABD2A7D3A07007EE493 /* RealmAccess.swift in Sources */ = {isa = PBXBuildFile; fileRef = B6F71ABC2A7D3A07007EE493 /* RealmAccess.swift */; };
		B6F71AC32A7D4869007EE493 /* Title.swift in Sources */ = {isa = PBXBuildFile; fileRef = B6F71AC22A7D4869007EE493 /* Title.swift */; };
		B6F71AC82A7D4AFF007EE493 /* Realm+.swift in Sources */ = {isa = PBXBuildFile; fileRef = B6F71AC72A7D4AFF007EE493 /* Realm+.swift */; };
		B6F71ACB2A7D55D9007EE493 /* KeychainAccess.swift in Sources */ = {isa = PBXBuildFile; fileRef = B6F71ACA2A7D55D9007EE493 /* KeychainAccess.swift */; };
		B6F71ACD2A7D5905007EE493 /* KeychainPasswordAttribute.swift in Sources */ = {isa = PBXBuildFile; fileRef = B6F71ACC2A7D5905007EE493 /* KeychainPasswordAttribute.swift */; };
		B6F71AD32A7D61EB007EE493 /* ExceptionHandler.m in Sources */ = {isa = PBXBuildFile; fileRef = B6F71AD22A7D61EB007EE493 /* ExceptionHandler.m */; };
		B6F71AD52A7D6224007EE493 /* ExceptionCatchable.swift in Sources */ = {isa = PBXBuildFile; fileRef = B6F71AD42A7D6224007EE493 /* ExceptionCatchable.swift */; };
		F80E112144684BACE5F7D012 /* Pods_Rel_dev.framework in Frameworks */ = {isa = PBXBuildFile; fileRef = 5889CCC89E0F296E1AAF2578 /* Pods_Rel_dev.framework */; };
/* End PBXBuildFile section */

/* Begin PBXContainerItemProxy section */
		B6E349902A7E8D8D00A3148D /* PBXContainerItemProxy */ = {
			isa = PBXContainerItemProxy;
			containerPortal = B637A9982A7D26C900C73812 /* Project object */;
			proxyType = 1;
			remoteGlobalIDString = B6E3493C2A7E8C1900A3148D;
			remoteInfo = "Rel-dev";
		};
/* End PBXContainerItemProxy section */

/* Begin PBXFileReference section */
		025956423399C64B3CB4485D /* Pods-Rel-devTests.debug.xcconfig */ = {isa = PBXFileReference; includeInIndex = 1; lastKnownFileType = text.xcconfig; name = "Pods-Rel-devTests.debug.xcconfig"; path = "Target Support Files/Pods-Rel-devTests/Pods-Rel-devTests.debug.xcconfig"; sourceTree = "<group>"; };
		0EC92947A6284B7CF816079B /* Pods_Rel_RelUITests.framework */ = {isa = PBXFileReference; explicitFileType = wrapper.framework; includeInIndex = 0; path = Pods_Rel_RelUITests.framework; sourceTree = BUILT_PRODUCTS_DIR; };
		2BFF1F14C7A1B4CF46C240B4 /* Pods-RelTests.debug.xcconfig */ = {isa = PBXFileReference; includeInIndex = 1; lastKnownFileType = text.xcconfig; name = "Pods-RelTests.debug.xcconfig"; path = "Target Support Files/Pods-RelTests/Pods-RelTests.debug.xcconfig"; sourceTree = "<group>"; };
		44091FBF2F9E0E27D268DBAB /* Pods-Rel.debug.xcconfig */ = {isa = PBXFileReference; includeInIndex = 1; lastKnownFileType = text.xcconfig; name = "Pods-Rel.debug.xcconfig"; path = "Target Support Files/Pods-Rel/Pods-Rel.debug.xcconfig"; sourceTree = "<group>"; };
		49DBC61485176FBA54A349C6 /* Pods-Rel-stg.debug.xcconfig */ = {isa = PBXFileReference; includeInIndex = 1; lastKnownFileType = text.xcconfig; name = "Pods-Rel-stg.debug.xcconfig"; path = "Target Support Files/Pods-Rel-stg/Pods-Rel-stg.debug.xcconfig"; sourceTree = "<group>"; };
		4A345B065A7067A5017C0E3B /* Pods_Rel_stg.framework */ = {isa = PBXFileReference; explicitFileType = wrapper.framework; includeInIndex = 0; path = Pods_Rel_stg.framework; sourceTree = BUILT_PRODUCTS_DIR; };
		5889CCC89E0F296E1AAF2578 /* Pods_Rel_dev.framework */ = {isa = PBXFileReference; explicitFileType = wrapper.framework; includeInIndex = 0; path = Pods_Rel_dev.framework; sourceTree = BUILT_PRODUCTS_DIR; };
		68364C3F2D8F4C1AC19A794B /* Pods-Rel-stg.release.xcconfig */ = {isa = PBXFileReference; includeInIndex = 1; lastKnownFileType = text.xcconfig; name = "Pods-Rel-stg.release.xcconfig"; path = "Target Support Files/Pods-Rel-stg/Pods-Rel-stg.release.xcconfig"; sourceTree = "<group>"; };
		6B908E950C67848E5C23A6BB /* Pods-Rel-RelUITests.release.xcconfig */ = {isa = PBXFileReference; includeInIndex = 1; lastKnownFileType = text.xcconfig; name = "Pods-Rel-RelUITests.release.xcconfig"; path = "Target Support Files/Pods-Rel-RelUITests/Pods-Rel-RelUITests.release.xcconfig"; sourceTree = "<group>"; };
		804E5D9300901678D9EE83E8 /* Pods-Rel-dev.release.xcconfig */ = {isa = PBXFileReference; includeInIndex = 1; lastKnownFileType = text.xcconfig; name = "Pods-Rel-dev.release.xcconfig"; path = "Target Support Files/Pods-Rel-dev/Pods-Rel-dev.release.xcconfig"; sourceTree = "<group>"; };
		9417D5E1AEB0CB34BE78BF43 /* Pods-Rel-devTests.release.xcconfig */ = {isa = PBXFileReference; includeInIndex = 1; lastKnownFileType = text.xcconfig; name = "Pods-Rel-devTests.release.xcconfig"; path = "Target Support Files/Pods-Rel-devTests/Pods-Rel-devTests.release.xcconfig"; sourceTree = "<group>"; };
		9B9689DAD6EE353E5A995734 /* Pods-Rel-dev.debug.xcconfig */ = {isa = PBXFileReference; includeInIndex = 1; lastKnownFileType = text.xcconfig; name = "Pods-Rel-dev.debug.xcconfig"; path = "Target Support Files/Pods-Rel-dev/Pods-Rel-dev.debug.xcconfig"; sourceTree = "<group>"; };
		B637A9A02A7D26C900C73812 /* Rel.app */ = {isa = PBXFileReference; explicitFileType = wrapper.application; includeInIndex = 0; path = Rel.app; sourceTree = BUILT_PRODUCTS_DIR; };
		B637A9A32A7D26C900C73812 /* App.swift */ = {isa = PBXFileReference; lastKnownFileType = sourcecode.swift; path = App.swift; sourceTree = "<group>"; };
		B637A9A52A7D26C900C73812 /* ContentView.swift */ = {isa = PBXFileReference; lastKnownFileType = sourcecode.swift; path = ContentView.swift; sourceTree = "<group>"; };
		B637A9A72A7D26CA00C73812 /* Assets.xcassets */ = {isa = PBXFileReference; lastKnownFileType = folder.assetcatalog; path = Assets.xcassets; sourceTree = "<group>"; };
		B637A9AA2A7D26CA00C73812 /* Preview Assets.xcassets */ = {isa = PBXFileReference; lastKnownFileType = folder.assetcatalog; path = "Preview Assets.xcassets"; sourceTree = "<group>"; };
		B6E3493A2A7E83C200A3148D /* Print.swift */ = {isa = PBXFileReference; lastKnownFileType = sourcecode.swift; path = Print.swift; sourceTree = "<group>"; };
		B6E349532A7E8C1900A3148D /* Rel-dev.app */ = {isa = PBXFileReference; explicitFileType = wrapper.application; includeInIndex = 0; path = "Rel-dev.app"; sourceTree = BUILT_PRODUCTS_DIR; };
		B6E3496B2A7E8C5F00A3148D /* Rel-stg.app */ = {isa = PBXFileReference; explicitFileType = wrapper.application; includeInIndex = 0; path = "Rel-stg.app"; sourceTree = BUILT_PRODUCTS_DIR; };
		B6E3498C2A7E8D8D00A3148D /* Rel-devTests.xctest */ = {isa = PBXFileReference; explicitFileType = wrapper.cfbundle; includeInIndex = 0; path = "Rel-devTests.xctest"; sourceTree = BUILT_PRODUCTS_DIR; };
		B6E3498E2A7E8D8D00A3148D /* Rel_devTests.swift */ = {isa = PBXFileReference; lastKnownFileType = sourcecode.swift; path = Rel_devTests.swift; sourceTree = "<group>"; };
		B6E349992A7E917000A3148D /* Environment.swift */ = {isa = PBXFileReference; lastKnownFileType = sourcecode.swift; path = Environment.swift; sourceTree = "<group>"; };
		B6E3499B2A7E917A00A3148D /* Environment.swift */ = {isa = PBXFileReference; lastKnownFileType = sourcecode.swift; path = Environment.swift; sourceTree = "<group>"; };
		B6E3499D2A7E918200A3148D /* Environment.swift */ = {isa = PBXFileReference; lastKnownFileType = sourcecode.swift; path = Environment.swift; sourceTree = "<group>"; };
		B6E3499F2A7EAC7B00A3148D /* AppDelegate.swift */ = {isa = PBXFileReference; lastKnownFileType = sourcecode.swift; path = AppDelegate.swift; sourceTree = "<group>"; };
		B6F365682A7F371100F3E074 /* titles.json */ = {isa = PBXFileReference; lastKnownFileType = text.json; path = titles.json; sourceTree = "<group>"; };
		B6F3656A2A7F3F8500F3E074 /* JSONFileDecoder.swift */ = {isa = PBXFileReference; lastKnownFileType = sourcecode.swift; path = JSONFileDecoder.swift; sourceTree = "<group>"; };
		B6F365732A7F4A9500F3E074 /* TitleRepository.swift */ = {isa = PBXFileReference; lastKnownFileType = sourcecode.swift; path = TitleRepository.swift; sourceTree = "<group>"; };
		B6F365752A7F4CF700F3E074 /* TitleFilterInput.swift */ = {isa = PBXFileReference; lastKnownFileType = sourcecode.swift; path = TitleFilterInput.swift; sourceTree = "<group>"; };
		B6F365772A7F5E6700F3E074 /* NSPredicate+.swift */ = {isa = PBXFileReference; lastKnownFileType = sourcecode.swift; path = "NSPredicate+.swift"; sourceTree = "<group>"; };
		B6F365842A7F8EC800F3E074 /* StringFilter.swift */ = {isa = PBXFileReference; lastKnownFileType = sourcecode.swift; path = StringFilter.swift; sourceTree = "<group>"; };
		B6F365862A7F8F2200F3E074 /* IntFilter.swift */ = {isa = PBXFileReference; lastKnownFileType = sourcecode.swift; path = IntFilter.swift; sourceTree = "<group>"; };
		B6F365882A7F8F4200F3E074 /* BoolFilter.swift */ = {isa = PBXFileReference; lastKnownFileType = sourcecode.swift; path = BoolFilter.swift; sourceTree = "<group>"; };
		B6F365902A7FC8F500F3E074 /* DateFilter.swift */ = {isa = PBXFileReference; lastKnownFileType = sourcecode.swift; path = DateFilter.swift; sourceTree = "<group>"; };
		B6F71ABC2A7D3A07007EE493 /* RealmAccess.swift */ = {isa = PBXFileReference; lastKnownFileType = sourcecode.swift; path = RealmAccess.swift; sourceTree = "<group>"; };
		B6F71AC22A7D4869007EE493 /* Title.swift */ = {isa = PBXFileReference; lastKnownFileType = sourcecode.swift; path = Title.swift; sourceTree = "<group>"; };
		B6F71AC72A7D4AFF007EE493 /* Realm+.swift */ = {isa = PBXFileReference; lastKnownFileType = sourcecode.swift; path = "Realm+.swift"; sourceTree = "<group>"; };
		B6F71ACA2A7D55D9007EE493 /* KeychainAccess.swift */ = {isa = PBXFileReference; lastKnownFileType = sourcecode.swift; path = KeychainAccess.swift; sourceTree = "<group>"; };
		B6F71ACC2A7D5905007EE493 /* KeychainPasswordAttribute.swift */ = {isa = PBXFileReference; lastKnownFileType = sourcecode.swift; path = KeychainPasswordAttribute.swift; sourceTree = "<group>"; };
		B6F71AD02A7D61EB007EE493 /* Rel-Bridging-Header.h */ = {isa = PBXFileReference; lastKnownFileType = sourcecode.c.h; path = "Rel-Bridging-Header.h"; sourceTree = "<group>"; };
		B6F71AD12A7D61EB007EE493 /* ExceptionHandler.h */ = {isa = PBXFileReference; lastKnownFileType = sourcecode.c.h; path = ExceptionHandler.h; sourceTree = "<group>"; };
		B6F71AD22A7D61EB007EE493 /* ExceptionHandler.m */ = {isa = PBXFileReference; lastKnownFileType = sourcecode.c.objc; path = ExceptionHandler.m; sourceTree = "<group>"; };
		B6F71AD42A7D6224007EE493 /* ExceptionCatchable.swift */ = {isa = PBXFileReference; lastKnownFileType = sourcecode.swift; path = ExceptionCatchable.swift; sourceTree = "<group>"; };
		B9CE8BFC5C9F8CF308440212 /* Pods-RelTests.release.xcconfig */ = {isa = PBXFileReference; includeInIndex = 1; lastKnownFileType = text.xcconfig; name = "Pods-RelTests.release.xcconfig"; path = "Target Support Files/Pods-RelTests/Pods-RelTests.release.xcconfig"; sourceTree = "<group>"; };
		D2C6CAE939781DD0741C3DAE /* Pods-Rel.release.xcconfig */ = {isa = PBXFileReference; includeInIndex = 1; lastKnownFileType = text.xcconfig; name = "Pods-Rel.release.xcconfig"; path = "Target Support Files/Pods-Rel/Pods-Rel.release.xcconfig"; sourceTree = "<group>"; };
		D3F29705B729B1A92195DA48 /* Pods_Rel_devTests.framework */ = {isa = PBXFileReference; explicitFileType = wrapper.framework; includeInIndex = 0; path = Pods_Rel_devTests.framework; sourceTree = BUILT_PRODUCTS_DIR; };
		D71C1071FE0E4453FA1BEE81 /* Pods-Rel-RelUITests.debug.xcconfig */ = {isa = PBXFileReference; includeInIndex = 1; lastKnownFileType = text.xcconfig; name = "Pods-Rel-RelUITests.debug.xcconfig"; path = "Target Support Files/Pods-Rel-RelUITests/Pods-Rel-RelUITests.debug.xcconfig"; sourceTree = "<group>"; };
		DC7CE0F7EA53A28FF3D6DEB2 /* Pods_RelTests.framework */ = {isa = PBXFileReference; explicitFileType = wrapper.framework; includeInIndex = 0; path = Pods_RelTests.framework; sourceTree = BUILT_PRODUCTS_DIR; };
		F8DA3CB090329B4A32D1BEBC /* Pods_Rel.framework */ = {isa = PBXFileReference; explicitFileType = wrapper.framework; includeInIndex = 0; path = Pods_Rel.framework; sourceTree = BUILT_PRODUCTS_DIR; };
/* End PBXFileReference section */

/* Begin PBXFrameworksBuildPhase section */
		B637A99D2A7D26C900C73812 /* Frameworks */ = {
			isa = PBXFrameworksBuildPhase;
			buildActionMask = 2147483647;
			files = (
				46BD923C7A0D17C2760C55FB /* (null) in Frameworks */,
				A4D491BB05CFE3CD0B190CA2 /* Pods_Rel.framework in Frameworks */,
			);
			runOnlyForDeploymentPostprocessing = 0;
		};
		B6E349492A7E8C1900A3148D /* Frameworks */ = {
			isa = PBXFrameworksBuildPhase;
			buildActionMask = 2147483647;
			files = (
				F80E112144684BACE5F7D012 /* Pods_Rel_dev.framework in Frameworks */,
			);
			runOnlyForDeploymentPostprocessing = 0;
		};
		B6E349612A7E8C5F00A3148D /* Frameworks */ = {
			isa = PBXFrameworksBuildPhase;
			buildActionMask = 2147483647;
			files = (
				87AE7CBE8F843B5E91A13463 /* Pods_Rel_stg.framework in Frameworks */,
			);
			runOnlyForDeploymentPostprocessing = 0;
		};
		B6E349892A7E8D8D00A3148D /* Frameworks */ = {
			isa = PBXFrameworksBuildPhase;
			buildActionMask = 2147483647;
			files = (
				17D29B8E53E7E6297DB965EE /* Pods_Rel_devTests.framework in Frameworks */,
			);
			runOnlyForDeploymentPostprocessing = 0;
		};
/* End PBXFrameworksBuildPhase section */

/* Begin PBXGroup section */
		2B62352CE4492DA69C21071C /* Pods */ = {
			isa = PBXGroup;
			children = (
				44091FBF2F9E0E27D268DBAB /* Pods-Rel.debug.xcconfig */,
				D2C6CAE939781DD0741C3DAE /* Pods-Rel.release.xcconfig */,
				D71C1071FE0E4453FA1BEE81 /* Pods-Rel-RelUITests.debug.xcconfig */,
				6B908E950C67848E5C23A6BB /* Pods-Rel-RelUITests.release.xcconfig */,
				2BFF1F14C7A1B4CF46C240B4 /* Pods-RelTests.debug.xcconfig */,
				B9CE8BFC5C9F8CF308440212 /* Pods-RelTests.release.xcconfig */,
				9B9689DAD6EE353E5A995734 /* Pods-Rel-dev.debug.xcconfig */,
				804E5D9300901678D9EE83E8 /* Pods-Rel-dev.release.xcconfig */,
				025956423399C64B3CB4485D /* Pods-Rel-devTests.debug.xcconfig */,
				9417D5E1AEB0CB34BE78BF43 /* Pods-Rel-devTests.release.xcconfig */,
				49DBC61485176FBA54A349C6 /* Pods-Rel-stg.debug.xcconfig */,
				68364C3F2D8F4C1AC19A794B /* Pods-Rel-stg.release.xcconfig */,
			);
			path = Pods;
			sourceTree = "<group>";
		};
		9897F327CEC8A8C515F2FB45 /* Frameworks */ = {
			isa = PBXGroup;
			children = (
				0EC92947A6284B7CF816079B /* Pods_Rel_RelUITests.framework */,
				DC7CE0F7EA53A28FF3D6DEB2 /* Pods_RelTests.framework */,
				5889CCC89E0F296E1AAF2578 /* Pods_Rel_dev.framework */,
				D3F29705B729B1A92195DA48 /* Pods_Rel_devTests.framework */,
				4A345B065A7067A5017C0E3B /* Pods_Rel_stg.framework */,
				F8DA3CB090329B4A32D1BEBC /* Pods_Rel.framework */,
			);
			name = Frameworks;
			sourceTree = "<group>";
		};
		B637A9972A7D26C900C73812 = {
			isa = PBXGroup;
			children = (
				B637A9A22A7D26C900C73812 /* Rel */,
				B6E3498D2A7E8D8D00A3148D /* Rel-devTests */,
				B637A9A12A7D26C900C73812 /* Products */,
				2B62352CE4492DA69C21071C /* Pods */,
				9897F327CEC8A8C515F2FB45 /* Frameworks */,
			);
			sourceTree = "<group>";
		};
		B637A9A12A7D26C900C73812 /* Products */ = {
			isa = PBXGroup;
			children = (
				B637A9A02A7D26C900C73812 /* Rel.app */,
				B6E349532A7E8C1900A3148D /* Rel-dev.app */,
				B6E3496B2A7E8C5F00A3148D /* Rel-stg.app */,
				B6E3498C2A7E8D8D00A3148D /* Rel-devTests.xctest */,
			);
			name = Products;
			sourceTree = "<group>";
		};
		B637A9A22A7D26C900C73812 /* Rel */ = {
			isa = PBXGroup;
			children = (
				B6F71ACE2A7D61B6007EE493 /* App */,
				B637A9A52A7D26C900C73812 /* ContentView.swift */,
				B6F71ABE2A7D43F1007EE493 /* Domain */,
				B6F71AB92A7D36A1007EE493 /* Infra */,
				B6F365672A7F370300F3E074 /* Stub */,
			);
			path = Rel;
			sourceTree = "<group>";
		};
		B637A9A92A7D26CA00C73812 /* Preview Content */ = {
			isa = PBXGroup;
			children = (
				B637A9AA2A7D26CA00C73812 /* Preview Assets.xcassets */,
			);
			path = "Preview Content";
			sourceTree = "<group>";
		};
		B6E349392A7E83B600A3148D /* Print */ = {
			isa = PBXGroup;
			children = (
				B6E3493A2A7E83C200A3148D /* Print.swift */,
			);
			path = Print;
			sourceTree = "<group>";
		};
		B6E3498D2A7E8D8D00A3148D /* Rel-devTests */ = {
			isa = PBXGroup;
			children = (
				B6E3498E2A7E8D8D00A3148D /* Rel_devTests.swift */,
			);
			path = "Rel-devTests";
			sourceTree = "<group>";
		};
		B6E349952A7E912500A3148D /* Environment */ = {
			isa = PBXGroup;
			children = (
				B6E349982A7E913900A3148D /* development */,
				B6E349962A7E912B00A3148D /* production */,
				B6E349972A7E913400A3148D /* staging */,
			);
			path = Environment;
			sourceTree = "<group>";
		};
		B6E349962A7E912B00A3148D /* production */ = {
			isa = PBXGroup;
			children = (
				B6E3499D2A7E918200A3148D /* Environment.swift */,
			);
			path = production;
			sourceTree = "<group>";
		};
		B6E349972A7E913400A3148D /* staging */ = {
			isa = PBXGroup;
			children = (
				B6E3499B2A7E917A00A3148D /* Environment.swift */,
			);
			path = staging;
			sourceTree = "<group>";
		};
		B6E349982A7E913900A3148D /* development */ = {
			isa = PBXGroup;
			children = (
				B6E349992A7E917000A3148D /* Environment.swift */,
			);
			path = development;
			sourceTree = "<group>";
		};
		B6F365672A7F370300F3E074 /* Stub */ = {
			isa = PBXGroup;
			children = (
				B6F365682A7F371100F3E074 /* titles.json */,
			);
			path = Stub;
			sourceTree = "<group>";
		};
		B6F365832A7F8E4800F3E074 /* Filter */ = {
			isa = PBXGroup;
			children = (
				B6F365882A7F8F4200F3E074 /* BoolFilter.swift */,
				B6F365902A7FC8F500F3E074 /* DateFilter.swift */,
				B6F365862A7F8F2200F3E074 /* IntFilter.swift */,
				B6F365842A7F8EC800F3E074 /* StringFilter.swift */,
			);
			path = Filter;
			sourceTree = "<group>";
		};
		B6F71AB92A7D36A1007EE493 /* Infra */ = {
			isa = PBXGroup;
			children = (
				B6F71AC62A7D4AE9007EE493 /* Extension */,
				B6F71ABB2A7D39F0007EE493 /* Helper */,
				B6F71ABA2A7D36C0007EE493 /* DataStore */,
			);
			path = Infra;
			sourceTree = "<group>";
		};
		B6F71ABA2A7D36C0007EE493 /* DataStore */ = {
			isa = PBXGroup;
			children = (
				B6F365732A7F4A9500F3E074 /* TitleRepository.swift */,
			);
			path = DataStore;
			sourceTree = "<group>";
		};
		B6F71ABB2A7D39F0007EE493 /* Helper */ = {
			isa = PBXGroup;
			children = (
				B6F71ACA2A7D55D9007EE493 /* KeychainAccess.swift */,
				B6F71ABC2A7D3A07007EE493 /* RealmAccess.swift */,
				B6F3656A2A7F3F8500F3E074 /* JSONFileDecoder.swift */,
			);
			path = Helper;
			sourceTree = "<group>";
		};
		B6F71ABE2A7D43F1007EE493 /* Domain */ = {
			isa = PBXGroup;
			children = (
				B6F71ABF2A7D43FA007EE493 /* Model */,
			);
			path = Domain;
			sourceTree = "<group>";
		};
		B6F71ABF2A7D43FA007EE493 /* Model */ = {
			isa = PBXGroup;
			children = (
				B6F71AC92A7D55C5007EE493 /* Keychain */,
				B6F71AC02A7D4843007EE493 /* Realm */,
			);
			path = Model;
			sourceTree = "<group>";
		};
		B6F71AC02A7D4843007EE493 /* Realm */ = {
			isa = PBXGroup;
			children = (
				B6F365832A7F8E4800F3E074 /* Filter */,
				B6F71AC22A7D4869007EE493 /* Title.swift */,
				B6F365752A7F4CF700F3E074 /* TitleFilterInput.swift */,
			);
			path = Realm;
			sourceTree = "<group>";
		};
		B6F71AC62A7D4AE9007EE493 /* Extension */ = {
			isa = PBXGroup;
			children = (
				B6F365772A7F5E6700F3E074 /* NSPredicate+.swift */,
				B6F71AC72A7D4AFF007EE493 /* Realm+.swift */,
			);
			path = Extension;
			sourceTree = "<group>";
		};
		B6F71AC92A7D55C5007EE493 /* Keychain */ = {
			isa = PBXGroup;
			children = (
				B6F71ACC2A7D5905007EE493 /* KeychainPasswordAttribute.swift */,
			);
			path = Keychain;
			sourceTree = "<group>";
		};
		B6F71ACE2A7D61B6007EE493 /* App */ = {
			isa = PBXGroup;
			children = (
				B637A9A32A7D26C900C73812 /* App.swift */,
				B6E3499F2A7EAC7B00A3148D /* AppDelegate.swift */,
				B637A9A72A7D26CA00C73812 /* Assets.xcassets */,
				B6E349952A7E912500A3148D /* Environment */,
				B6F71ACF2A7D61BF007EE493 /* ExceptionHandler */,
				B637A9A92A7D26CA00C73812 /* Preview Content */,
				B6E349392A7E83B600A3148D /* Print */,
				B6F71AD02A7D61EB007EE493 /* Rel-Bridging-Header.h */,
			);
			path = App;
			sourceTree = "<group>";
		};
		B6F71ACF2A7D61BF007EE493 /* ExceptionHandler */ = {
			isa = PBXGroup;
			children = (
				B6F71AD42A7D6224007EE493 /* ExceptionCatchable.swift */,
				B6F71AD12A7D61EB007EE493 /* ExceptionHandler.h */,
				B6F71AD22A7D61EB007EE493 /* ExceptionHandler.m */,
			);
			path = ExceptionHandler;
			sourceTree = "<group>";
		};
/* End PBXGroup section */

/* Begin PBXNativeTarget section */
		B637A99F2A7D26C900C73812 /* Rel */ = {
			isa = PBXNativeTarget;
			buildConfigurationList = B637A9C42A7D26CA00C73812 /* Build configuration list for PBXNativeTarget "Rel" */;
			buildPhases = (
				0465C02154CC255D6D2AAD02 /* [CP] Check Pods Manifest.lock */,
				B637A99C2A7D26C900C73812 /* Sources */,
				B637A99D2A7D26C900C73812 /* Frameworks */,
				B637A99E2A7D26C900C73812 /* Resources */,
				05BD60297229625940E9DE9C /* [CP] Embed Pods Frameworks */,
			);
			buildRules = (
			);
			dependencies = (
			);
			name = Rel;
			productName = Rel;
			productReference = B637A9A02A7D26C900C73812 /* Rel.app */;
			productType = "com.apple.product-type.application";
		};
		B6E3493C2A7E8C1900A3148D /* Rel-dev */ = {
			isa = PBXNativeTarget;
			buildConfigurationList = B6E349502A7E8C1900A3148D /* Build configuration list for PBXNativeTarget "Rel-dev" */;
			buildPhases = (
				B6E3493D2A7E8C1900A3148D /* [CP] Check Pods Manifest.lock */,
				B6E3493E2A7E8C1900A3148D /* Sources */,
				B6E349492A7E8C1900A3148D /* Frameworks */,
				B6E3494B2A7E8C1900A3148D /* Resources */,
				B6E3494F2A7E8C1900A3148D /* [CP] Embed Pods Frameworks */,
			);
			buildRules = (
			);
			dependencies = (
			);
			name = "Rel-dev";
			productName = Rel;
			productReference = B6E349532A7E8C1900A3148D /* Rel-dev.app */;
			productType = "com.apple.product-type.application";
		};
		B6E349542A7E8C5F00A3148D /* Rel-stg */ = {
			isa = PBXNativeTarget;
			buildConfigurationList = B6E349682A7E8C5F00A3148D /* Build configuration list for PBXNativeTarget "Rel-stg" */;
			buildPhases = (
				B6E349552A7E8C5F00A3148D /* [CP] Check Pods Manifest.lock */,
				B6E349562A7E8C5F00A3148D /* Sources */,
				B6E349612A7E8C5F00A3148D /* Frameworks */,
				B6E349632A7E8C5F00A3148D /* Resources */,
				B6E349672A7E8C5F00A3148D /* [CP] Embed Pods Frameworks */,
			);
			buildRules = (
			);
			dependencies = (
			);
			name = "Rel-stg";
			productName = Rel;
			productReference = B6E3496B2A7E8C5F00A3148D /* Rel-stg.app */;
			productType = "com.apple.product-type.application";
		};
		B6E3498B2A7E8D8D00A3148D /* Rel-devTests */ = {
			isa = PBXNativeTarget;
			buildConfigurationList = B6E349922A7E8D8D00A3148D /* Build configuration list for PBXNativeTarget "Rel-devTests" */;
			buildPhases = (
				A02236FC399C0EBA2E4C9015 /* [CP] Check Pods Manifest.lock */,
				B6E349882A7E8D8D00A3148D /* Sources */,
				B6E349892A7E8D8D00A3148D /* Frameworks */,
				B6E3498A2A7E8D8D00A3148D /* Resources */,
			);
			buildRules = (
			);
			dependencies = (
				B6E349912A7E8D8D00A3148D /* PBXTargetDependency */,
			);
			name = "Rel-devTests";
			productName = "Rel-devTests";
			productReference = B6E3498C2A7E8D8D00A3148D /* Rel-devTests.xctest */;
			productType = "com.apple.product-type.bundle.unit-test";
		};
/* End PBXNativeTarget section */

/* Begin PBXProject section */
		B637A9982A7D26C900C73812 /* Project object */ = {
			isa = PBXProject;
			attributes = {
				BuildIndependentTargetsInParallel = 1;
				LastSwiftUpdateCheck = 1420;
				LastUpgradeCheck = 1420;
				TargetAttributes = {
					B637A99F2A7D26C900C73812 = {
						CreatedOnToolsVersion = 14.2;
						LastSwiftMigration = 1420;
					};
					B6E3498B2A7E8D8D00A3148D = {
						CreatedOnToolsVersion = 14.2;
						TestTargetID = B6E3493C2A7E8C1900A3148D;
					};
				};
			};
			buildConfigurationList = B637A99B2A7D26C900C73812 /* Build configuration list for PBXProject "Rel" */;
			compatibilityVersion = "Xcode 13.0";
			developmentRegion = en;
			hasScannedForEncodings = 0;
			knownRegions = (
				en,
				Base,
			);
			mainGroup = B637A9972A7D26C900C73812;
			productRefGroup = B637A9A12A7D26C900C73812 /* Products */;
			projectDirPath = "";
			projectRoot = "";
			targets = (
				B637A99F2A7D26C900C73812 /* Rel */,
				B6E349542A7E8C5F00A3148D /* Rel-stg */,
				B6E3493C2A7E8C1900A3148D /* Rel-dev */,
				B6E3498B2A7E8D8D00A3148D /* Rel-devTests */,
			);
		};
/* End PBXProject section */

/* Begin PBXResourcesBuildPhase section */
		B637A99E2A7D26C900C73812 /* Resources */ = {
			isa = PBXResourcesBuildPhase;
			buildActionMask = 2147483647;
			files = (
				B6F365722A7F471900F3E074 /* titles.json in Resources */,
				B637A9AB2A7D26CA00C73812 /* Preview Assets.xcassets in Resources */,
				B637A9A82A7D26CA00C73812 /* Assets.xcassets in Resources */,
			);
			runOnlyForDeploymentPostprocessing = 0;
		};
		B6E3494B2A7E8C1900A3148D /* Resources */ = {
			isa = PBXResourcesBuildPhase;
			buildActionMask = 2147483647;
			files = (
				B6F3656C2A7F436700F3E074 /* titles.json in Resources */,
				B6E3494D2A7E8C1900A3148D /* Preview Assets.xcassets in Resources */,
				B6E3494E2A7E8C1900A3148D /* Assets.xcassets in Resources */,
			);
			runOnlyForDeploymentPostprocessing = 0;
		};
		B6E349632A7E8C5F00A3148D /* Resources */ = {
			isa = PBXResourcesBuildPhase;
			buildActionMask = 2147483647;
			files = (
				B6F365702A7F439E00F3E074 /* titles.json in Resources */,
				B6E349652A7E8C5F00A3148D /* Preview Assets.xcassets in Resources */,
				B6E349662A7E8C5F00A3148D /* Assets.xcassets in Resources */,
			);
			runOnlyForDeploymentPostprocessing = 0;
		};
		B6E3498A2A7E8D8D00A3148D /* Resources */ = {
			isa = PBXResourcesBuildPhase;
			buildActionMask = 2147483647;
			files = (
			);
			runOnlyForDeploymentPostprocessing = 0;
		};
/* End PBXResourcesBuildPhase section */

/* Begin PBXShellScriptBuildPhase section */
		0465C02154CC255D6D2AAD02 /* [CP] Check Pods Manifest.lock */ = {
			isa = PBXShellScriptBuildPhase;
			buildActionMask = 2147483647;
			files = (
			);
			inputFileListPaths = (
			);
			inputPaths = (
				"${PODS_PODFILE_DIR_PATH}/Podfile.lock",
				"${PODS_ROOT}/Manifest.lock",
			);
			name = "[CP] Check Pods Manifest.lock";
			outputFileListPaths = (
			);
			outputPaths = (
				"$(DERIVED_FILE_DIR)/Pods-Rel-checkManifestLockResult.txt",
			);
			runOnlyForDeploymentPostprocessing = 0;
			shellPath = /bin/sh;
			shellScript = "diff \"${PODS_PODFILE_DIR_PATH}/Podfile.lock\" \"${PODS_ROOT}/Manifest.lock\" > /dev/null\nif [ $? != 0 ] ; then\n    # print error to STDERR\n    echo \"error: The sandbox is not in sync with the Podfile.lock. Run 'pod install' or update your CocoaPods installation.\" >&2\n    exit 1\nfi\n# This output is used by Xcode 'outputs' to avoid re-running this script phase.\necho \"SUCCESS\" > \"${SCRIPT_OUTPUT_FILE_0}\"\n";
			showEnvVarsInLog = 0;
		};
		05BD60297229625940E9DE9C /* [CP] Embed Pods Frameworks */ = {
			isa = PBXShellScriptBuildPhase;
			buildActionMask = 2147483647;
			files = (
			);
			inputFileListPaths = (
				"${PODS_ROOT}/Target Support Files/Pods-Rel/Pods-Rel-frameworks-${CONFIGURATION}-input-files.xcfilelist",
			);
			name = "[CP] Embed Pods Frameworks";
			outputFileListPaths = (
				"${PODS_ROOT}/Target Support Files/Pods-Rel/Pods-Rel-frameworks-${CONFIGURATION}-output-files.xcfilelist",
			);
			runOnlyForDeploymentPostprocessing = 0;
			shellPath = /bin/sh;
			shellScript = "\"${PODS_ROOT}/Target Support Files/Pods-Rel/Pods-Rel-frameworks.sh\"\n";
			showEnvVarsInLog = 0;
		};
		A02236FC399C0EBA2E4C9015 /* [CP] Check Pods Manifest.lock */ = {
			isa = PBXShellScriptBuildPhase;
			buildActionMask = 2147483647;
			files = (
			);
			inputFileListPaths = (
			);
			inputPaths = (
				"${PODS_PODFILE_DIR_PATH}/Podfile.lock",
				"${PODS_ROOT}/Manifest.lock",
			);
			name = "[CP] Check Pods Manifest.lock";
			outputFileListPaths = (
			);
			outputPaths = (
				"$(DERIVED_FILE_DIR)/Pods-Rel-devTests-checkManifestLockResult.txt",
			);
			runOnlyForDeploymentPostprocessing = 0;
			shellPath = /bin/sh;
			shellScript = "diff \"${PODS_PODFILE_DIR_PATH}/Podfile.lock\" \"${PODS_ROOT}/Manifest.lock\" > /dev/null\nif [ $? != 0 ] ; then\n    # print error to STDERR\n    echo \"error: The sandbox is not in sync with the Podfile.lock. Run 'pod install' or update your CocoaPods installation.\" >&2\n    exit 1\nfi\n# This output is used by Xcode 'outputs' to avoid re-running this script phase.\necho \"SUCCESS\" > \"${SCRIPT_OUTPUT_FILE_0}\"\n";
			showEnvVarsInLog = 0;
		};
		B6E3493D2A7E8C1900A3148D /* [CP] Check Pods Manifest.lock */ = {
			isa = PBXShellScriptBuildPhase;
			buildActionMask = 2147483647;
			files = (
			);
			inputFileListPaths = (
			);
			inputPaths = (
				"${PODS_PODFILE_DIR_PATH}/Podfile.lock",
				"${PODS_ROOT}/Manifest.lock",
			);
			name = "[CP] Check Pods Manifest.lock";
			outputFileListPaths = (
			);
			outputPaths = (
				"$(DERIVED_FILE_DIR)/Pods-Rel-dev-checkManifestLockResult.txt",
			);
			runOnlyForDeploymentPostprocessing = 0;
			shellPath = /bin/sh;
			shellScript = "diff \"${PODS_PODFILE_DIR_PATH}/Podfile.lock\" \"${PODS_ROOT}/Manifest.lock\" > /dev/null\nif [ $? != 0 ] ; then\n    # print error to STDERR\n    echo \"error: The sandbox is not in sync with the Podfile.lock. Run 'pod install' or update your CocoaPods installation.\" >&2\n    exit 1\nfi\n# This output is used by Xcode 'outputs' to avoid re-running this script phase.\necho \"SUCCESS\" > \"${SCRIPT_OUTPUT_FILE_0}\"\n";
			showEnvVarsInLog = 0;
		};
		B6E3494F2A7E8C1900A3148D /* [CP] Embed Pods Frameworks */ = {
			isa = PBXShellScriptBuildPhase;
			buildActionMask = 2147483647;
			files = (
			);
			inputFileListPaths = (
				"${PODS_ROOT}/Target Support Files/Pods-Rel-dev/Pods-Rel-dev-frameworks-${CONFIGURATION}-input-files.xcfilelist",
			);
			name = "[CP] Embed Pods Frameworks";
			outputFileListPaths = (
				"${PODS_ROOT}/Target Support Files/Pods-Rel-dev/Pods-Rel-dev-frameworks-${CONFIGURATION}-output-files.xcfilelist",
			);
			runOnlyForDeploymentPostprocessing = 0;
			shellPath = /bin/sh;
			shellScript = "\"${PODS_ROOT}/Target Support Files/Pods-Rel-dev/Pods-Rel-dev-frameworks.sh\"\n";
			showEnvVarsInLog = 0;
		};
		B6E349552A7E8C5F00A3148D /* [CP] Check Pods Manifest.lock */ = {
			isa = PBXShellScriptBuildPhase;
			buildActionMask = 2147483647;
			files = (
			);
			inputFileListPaths = (
			);
			inputPaths = (
				"${PODS_PODFILE_DIR_PATH}/Podfile.lock",
				"${PODS_ROOT}/Manifest.lock",
			);
			name = "[CP] Check Pods Manifest.lock";
			outputFileListPaths = (
			);
			outputPaths = (
				"$(DERIVED_FILE_DIR)/Pods-Rel-stg-checkManifestLockResult.txt",
			);
			runOnlyForDeploymentPostprocessing = 0;
			shellPath = /bin/sh;
			shellScript = "diff \"${PODS_PODFILE_DIR_PATH}/Podfile.lock\" \"${PODS_ROOT}/Manifest.lock\" > /dev/null\nif [ $? != 0 ] ; then\n    # print error to STDERR\n    echo \"error: The sandbox is not in sync with the Podfile.lock. Run 'pod install' or update your CocoaPods installation.\" >&2\n    exit 1\nfi\n# This output is used by Xcode 'outputs' to avoid re-running this script phase.\necho \"SUCCESS\" > \"${SCRIPT_OUTPUT_FILE_0}\"\n";
			showEnvVarsInLog = 0;
		};
		B6E349672A7E8C5F00A3148D /* [CP] Embed Pods Frameworks */ = {
			isa = PBXShellScriptBuildPhase;
			buildActionMask = 2147483647;
			files = (
			);
			inputFileListPaths = (
				"${PODS_ROOT}/Target Support Files/Pods-Rel-stg/Pods-Rel-stg-frameworks-${CONFIGURATION}-input-files.xcfilelist",
			);
			name = "[CP] Embed Pods Frameworks";
			outputFileListPaths = (
				"${PODS_ROOT}/Target Support Files/Pods-Rel-stg/Pods-Rel-stg-frameworks-${CONFIGURATION}-output-files.xcfilelist",
			);
			runOnlyForDeploymentPostprocessing = 0;
			shellPath = /bin/sh;
			shellScript = "\"${PODS_ROOT}/Target Support Files/Pods-Rel-stg/Pods-Rel-stg-frameworks.sh\"\n";
			showEnvVarsInLog = 0;
		};
/* End PBXShellScriptBuildPhase section */

/* Begin PBXSourcesBuildPhase section */
		B637A99C2A7D26C900C73812 /* Sources */ = {
			isa = PBXSourcesBuildPhase;
			buildActionMask = 2147483647;
			files = (
				B6E349A02A7EAC7B00A3148D /* AppDelegate.swift in Sources */,
				B6F71AD52A7D6224007EE493 /* ExceptionCatchable.swift in Sources */,
				B6F71ACD2A7D5905007EE493 /* KeychainPasswordAttribute.swift in Sources */,
				B6F365712A7F471200F3E074 /* JSONFileDecoder.swift in Sources */,
				B6F71AD32A7D61EB007EE493 /* ExceptionHandler.m in Sources */,
				B6F365872A7F8F2200F3E074 /* IntFilter.swift in Sources */,
				B6F71AC32A7D4869007EE493 /* Title.swift in Sources */,
				B637A9A62A7D26C900C73812 /* ContentView.swift in Sources */,
				B6F365762A7F4CF700F3E074 /* TitleFilterInput.swift in Sources */,
				B6F71ABD2A7D3A07007EE493 /* RealmAccess.swift in Sources */,
				B6F365742A7F4A9500F3E074 /* TitleRepository.swift in Sources */,
				B6F365912A7FC8F500F3E074 /* DateFilter.swift in Sources */,
				B6F365782A7F5E6700F3E074 /* NSPredicate+.swift in Sources */,
				B6F71ACB2A7D55D9007EE493 /* KeychainAccess.swift in Sources */,
				B6E3499E2A7E918200A3148D /* Environment.swift in Sources */,
				B6E3493B2A7E83C200A3148D /* Print.swift in Sources */,
				B6F365852A7F8EC800F3E074 /* StringFilter.swift in Sources */,
				B6F365892A7F8F4200F3E074 /* BoolFilter.swift in Sources */,
				B637A9A42A7D26C900C73812 /* App.swift in Sources */,
				B6F71AC82A7D4AFF007EE493 /* Realm+.swift in Sources */,
			);
			runOnlyForDeploymentPostprocessing = 0;
		};
		B6E3493E2A7E8C1900A3148D /* Sources */ = {
			isa = PBXSourcesBuildPhase;
			buildActionMask = 2147483647;
			files = (
				B6E349A22A7EACDF00A3148D /* AppDelegate.swift in Sources */,
				B6F3657E2A7F6F8100F3E074 /* NSPredicate+.swift in Sources */,
				B6E3493F2A7E8C1900A3148D /* ExceptionCatchable.swift in Sources */,
				B6E349402A7E8C1900A3148D /* KeychainPasswordAttribute.swift in Sources */,
				B6F3656E2A7F439600F3E074 /* JSONFileDecoder.swift in Sources */,
				B6F3658D2A7F8F6B00F3E074 /* IntFilter.swift in Sources */,
				B6E349412A7E8C1900A3148D /* ExceptionHandler.m in Sources */,
				B6F3657C2A7F6F7E00F3E074 /* TitleFilterInput.swift in Sources */,
				B6E349422A7E8C1900A3148D /* Title.swift in Sources */,
				B6E349432A7E8C1900A3148D /* ContentView.swift in Sources */,
				B6E349442A7E8C1900A3148D /* RealmAccess.swift in Sources */,
				B6F365922A7FCC1E00F3E074 /* DateFilter.swift in Sources */,
				B6E349452A7E8C1900A3148D /* KeychainAccess.swift in Sources */,
				B6F365822A7F6F8D00F3E074 /* TitleRepository.swift in Sources */,
				B6E3499A2A7E917000A3148D /* Environment.swift in Sources */,
				B6F3658B2A7F8F6400F3E074 /* StringFilter.swift in Sources */,
				B6E349462A7E8C1900A3148D /* Print.swift in Sources */,
				B6F3658F2A7F8F7400F3E074 /* BoolFilter.swift in Sources */,
				B6E349472A7E8C1900A3148D /* App.swift in Sources */,
				B6E349482A7E8C1900A3148D /* Realm+.swift in Sources */,
			);
			runOnlyForDeploymentPostprocessing = 0;
		};
		B6E349562A7E8C5F00A3148D /* Sources */ = {
			isa = PBXSourcesBuildPhase;
			buildActionMask = 2147483647;
			files = (
				B6E349A12A7EACDE00A3148D /* AppDelegate.swift in Sources */,
				B6F3657D2A7F6F8100F3E074 /* NSPredicate+.swift in Sources */,
				B6E349572A7E8C5F00A3148D /* ExceptionCatchable.swift in Sources */,
				B6E349582A7E8C5F00A3148D /* KeychainPasswordAttribute.swift in Sources */,
				B6F3656F2A7F439A00F3E074 /* JSONFileDecoder.swift in Sources */,
				B6F3658C2A7F8F6B00F3E074 /* IntFilter.swift in Sources */,
				B6E349592A7E8C5F00A3148D /* ExceptionHandler.m in Sources */,
				B6F3657B2A7F6F7D00F3E074 /* TitleFilterInput.swift in Sources */,
				B6E3495A2A7E8C5F00A3148D /* Title.swift in Sources */,
				B6E3495B2A7E8C5F00A3148D /* ContentView.swift in Sources */,
				B6E3495C2A7E8C5F00A3148D /* RealmAccess.swift in Sources */,
				B6F365932A7FCC1F00F3E074 /* DateFilter.swift in Sources */,
				B6E3495D2A7E8C5F00A3148D /* KeychainAccess.swift in Sources */,
				B6F365812A7F6F8D00F3E074 /* TitleRepository.swift in Sources */,
				B6E3499C2A7E917A00A3148D /* Environment.swift in Sources */,
				B6F3658A2A7F8F6300F3E074 /* StringFilter.swift in Sources */,
				B6E3495E2A7E8C5F00A3148D /* Print.swift in Sources */,
				B6F3658E2A7F8F7300F3E074 /* BoolFilter.swift in Sources */,
				B6E3495F2A7E8C5F00A3148D /* App.swift in Sources */,
				B6E349602A7E8C5F00A3148D /* Realm+.swift in Sources */,
			);
			runOnlyForDeploymentPostprocessing = 0;
		};
		B6E349882A7E8D8D00A3148D /* Sources */ = {
			isa = PBXSourcesBuildPhase;
			buildActionMask = 2147483647;
			files = (
				B6E3498F2A7E8D8D00A3148D /* Rel_devTests.swift in Sources */,
			);
			runOnlyForDeploymentPostprocessing = 0;
		};
/* End PBXSourcesBuildPhase section */

/* Begin PBXTargetDependency section */
		B6E349912A7E8D8D00A3148D /* PBXTargetDependency */ = {
			isa = PBXTargetDependency;
			target = B6E3493C2A7E8C1900A3148D /* Rel-dev */;
			targetProxy = B6E349902A7E8D8D00A3148D /* PBXContainerItemProxy */;
		};
/* End PBXTargetDependency section */

/* Begin XCBuildConfiguration section */
		B637A9C22A7D26CA00C73812 /* Debug */ = {
			isa = XCBuildConfiguration;
			buildSettings = {
				ALWAYS_SEARCH_USER_PATHS = NO;
				CLANG_ANALYZER_NONNULL = YES;
				CLANG_ANALYZER_NUMBER_OBJECT_CONVERSION = YES_AGGRESSIVE;
				CLANG_CXX_LANGUAGE_STANDARD = "gnu++20";
				CLANG_ENABLE_MODULES = YES;
				CLANG_ENABLE_OBJC_ARC = YES;
				CLANG_ENABLE_OBJC_WEAK = YES;
				CLANG_WARN_BLOCK_CAPTURE_AUTORELEASING = YES;
				CLANG_WARN_BOOL_CONVERSION = YES;
				CLANG_WARN_COMMA = YES;
				CLANG_WARN_CONSTANT_CONVERSION = YES;
				CLANG_WARN_DEPRECATED_OBJC_IMPLEMENTATIONS = YES;
				CLANG_WARN_DIRECT_OBJC_ISA_USAGE = YES_ERROR;
				CLANG_WARN_DOCUMENTATION_COMMENTS = YES;
				CLANG_WARN_EMPTY_BODY = YES;
				CLANG_WARN_ENUM_CONVERSION = YES;
				CLANG_WARN_INFINITE_RECURSION = YES;
				CLANG_WARN_INT_CONVERSION = YES;
				CLANG_WARN_NON_LITERAL_NULL_CONVERSION = YES;
				CLANG_WARN_OBJC_IMPLICIT_RETAIN_SELF = YES;
				CLANG_WARN_OBJC_LITERAL_CONVERSION = YES;
				CLANG_WARN_OBJC_ROOT_CLASS = YES_ERROR;
				CLANG_WARN_QUOTED_INCLUDE_IN_FRAMEWORK_HEADER = YES;
				CLANG_WARN_RANGE_LOOP_ANALYSIS = YES;
				CLANG_WARN_STRICT_PROTOTYPES = YES;
				CLANG_WARN_SUSPICIOUS_MOVE = YES;
				CLANG_WARN_UNGUARDED_AVAILABILITY = YES_AGGRESSIVE;
				CLANG_WARN_UNREACHABLE_CODE = YES;
				CLANG_WARN__DUPLICATE_METHOD_MATCH = YES;
				COPY_PHASE_STRIP = NO;
				DEBUG_INFORMATION_FORMAT = dwarf;
				ENABLE_STRICT_OBJC_MSGSEND = YES;
				ENABLE_TESTABILITY = YES;
				GCC_C_LANGUAGE_STANDARD = gnu11;
				GCC_DYNAMIC_NO_PIC = NO;
				GCC_NO_COMMON_BLOCKS = YES;
				GCC_OPTIMIZATION_LEVEL = 0;
				GCC_PREPROCESSOR_DEFINITIONS = (
					"DEBUG=1",
					"$(inherited)",
				);
				GCC_WARN_64_TO_32_BIT_CONVERSION = YES;
				GCC_WARN_ABOUT_RETURN_TYPE = YES_ERROR;
				GCC_WARN_UNDECLARED_SELECTOR = YES;
				GCC_WARN_UNINITIALIZED_AUTOS = YES_AGGRESSIVE;
				GCC_WARN_UNUSED_FUNCTION = YES;
				GCC_WARN_UNUSED_VARIABLE = YES;
				IPHONEOS_DEPLOYMENT_TARGET = 14.0;
				MTL_ENABLE_DEBUG_INFO = INCLUDE_SOURCE;
				MTL_FAST_MATH = YES;
				ONLY_ACTIVE_ARCH = YES;
				SDKROOT = iphoneos;
				SWIFT_ACTIVE_COMPILATION_CONDITIONS = DEBUG;
				SWIFT_OPTIMIZATION_LEVEL = "-Onone";
			};
			name = Debug;
		};
		B637A9C32A7D26CA00C73812 /* Release */ = {
			isa = XCBuildConfiguration;
			buildSettings = {
				ALWAYS_SEARCH_USER_PATHS = NO;
				CLANG_ANALYZER_NONNULL = YES;
				CLANG_ANALYZER_NUMBER_OBJECT_CONVERSION = YES_AGGRESSIVE;
				CLANG_CXX_LANGUAGE_STANDARD = "gnu++20";
				CLANG_ENABLE_MODULES = YES;
				CLANG_ENABLE_OBJC_ARC = YES;
				CLANG_ENABLE_OBJC_WEAK = YES;
				CLANG_WARN_BLOCK_CAPTURE_AUTORELEASING = YES;
				CLANG_WARN_BOOL_CONVERSION = YES;
				CLANG_WARN_COMMA = YES;
				CLANG_WARN_CONSTANT_CONVERSION = YES;
				CLANG_WARN_DEPRECATED_OBJC_IMPLEMENTATIONS = YES;
				CLANG_WARN_DIRECT_OBJC_ISA_USAGE = YES_ERROR;
				CLANG_WARN_DOCUMENTATION_COMMENTS = YES;
				CLANG_WARN_EMPTY_BODY = YES;
				CLANG_WARN_ENUM_CONVERSION = YES;
				CLANG_WARN_INFINITE_RECURSION = YES;
				CLANG_WARN_INT_CONVERSION = YES;
				CLANG_WARN_NON_LITERAL_NULL_CONVERSION = YES;
				CLANG_WARN_OBJC_IMPLICIT_RETAIN_SELF = YES;
				CLANG_WARN_OBJC_LITERAL_CONVERSION = YES;
				CLANG_WARN_OBJC_ROOT_CLASS = YES_ERROR;
				CLANG_WARN_QUOTED_INCLUDE_IN_FRAMEWORK_HEADER = YES;
				CLANG_WARN_RANGE_LOOP_ANALYSIS = YES;
				CLANG_WARN_STRICT_PROTOTYPES = YES;
				CLANG_WARN_SUSPICIOUS_MOVE = YES;
				CLANG_WARN_UNGUARDED_AVAILABILITY = YES_AGGRESSIVE;
				CLANG_WARN_UNREACHABLE_CODE = YES;
				CLANG_WARN__DUPLICATE_METHOD_MATCH = YES;
				COPY_PHASE_STRIP = NO;
				DEBUG_INFORMATION_FORMAT = "dwarf-with-dsym";
				ENABLE_NS_ASSERTIONS = NO;
				ENABLE_STRICT_OBJC_MSGSEND = YES;
				GCC_C_LANGUAGE_STANDARD = gnu11;
				GCC_NO_COMMON_BLOCKS = YES;
				GCC_WARN_64_TO_32_BIT_CONVERSION = YES;
				GCC_WARN_ABOUT_RETURN_TYPE = YES_ERROR;
				GCC_WARN_UNDECLARED_SELECTOR = YES;
				GCC_WARN_UNINITIALIZED_AUTOS = YES_AGGRESSIVE;
				GCC_WARN_UNUSED_FUNCTION = YES;
				GCC_WARN_UNUSED_VARIABLE = YES;
				IPHONEOS_DEPLOYMENT_TARGET = 14.0;
				MTL_ENABLE_DEBUG_INFO = NO;
				MTL_FAST_MATH = YES;
				SDKROOT = iphoneos;
				SWIFT_COMPILATION_MODE = wholemodule;
				SWIFT_OPTIMIZATION_LEVEL = "-O";
				VALIDATE_PRODUCT = YES;
			};
			name = Release;
		};
		B637A9C52A7D26CA00C73812 /* Debug */ = {
			isa = XCBuildConfiguration;
			baseConfigurationReference = 44091FBF2F9E0E27D268DBAB /* Pods-Rel.debug.xcconfig */;
			buildSettings = {
				ASSETCATALOG_COMPILER_APPICON_NAME = AppIcon;
				ASSETCATALOG_COMPILER_GLOBAL_ACCENT_COLOR_NAME = AccentColor;
				CLANG_ENABLE_MODULES = YES;
				CODE_SIGN_STYLE = Automatic;
				CURRENT_PROJECT_VERSION = 1;
				DEVELOPMENT_ASSET_PATHS = "\"Rel/App/Preview Content\"";
				DEVELOPMENT_TEAM = B8PR34D6DP;
				ENABLE_PREVIEWS = YES;
				GENERATE_INFOPLIST_FILE = YES;
				INFOPLIST_KEY_UIApplicationSceneManifest_Generation = YES;
				INFOPLIST_KEY_UIApplicationSupportsIndirectInputEvents = YES;
				INFOPLIST_KEY_UILaunchScreen_Generation = YES;
				INFOPLIST_KEY_UISupportedInterfaceOrientations_iPad = "UIInterfaceOrientationPortrait UIInterfaceOrientationPortraitUpsideDown UIInterfaceOrientationLandscapeLeft UIInterfaceOrientationLandscapeRight";
				INFOPLIST_KEY_UISupportedInterfaceOrientations_iPhone = "UIInterfaceOrientationPortrait UIInterfaceOrientationLandscapeLeft UIInterfaceOrientationLandscapeRight";
				IPHONEOS_DEPLOYMENT_TARGET = 14.0;
				LD_RUNPATH_SEARCH_PATHS = (
					"$(inherited)",
					"@executable_path/Frameworks",
				);
				MARKETING_VERSION = 1.0;
				PRODUCT_BUNDLE_IDENTIFIER = jp.yuoku.Rel;
				PRODUCT_NAME = "$(TARGET_NAME)";
				SWIFT_EMIT_LOC_STRINGS = YES;
				SWIFT_OBJC_BRIDGING_HEADER = "Rel/App/Rel-Bridging-Header.h";
				SWIFT_OPTIMIZATION_LEVEL = "-Onone";
				SWIFT_VERSION = 5.0;
				TARGETED_DEVICE_FAMILY = "1,2";
			};
			name = Debug;
		};
		B637A9C62A7D26CA00C73812 /* Release */ = {
			isa = XCBuildConfiguration;
			baseConfigurationReference = D2C6CAE939781DD0741C3DAE /* Pods-Rel.release.xcconfig */;
			buildSettings = {
				ASSETCATALOG_COMPILER_APPICON_NAME = AppIcon;
				ASSETCATALOG_COMPILER_GLOBAL_ACCENT_COLOR_NAME = AccentColor;
				CLANG_ENABLE_MODULES = YES;
				CODE_SIGN_STYLE = Automatic;
				CURRENT_PROJECT_VERSION = 1;
				DEVELOPMENT_ASSET_PATHS = "\"Rel/App/Preview Content\"";
				DEVELOPMENT_TEAM = B8PR34D6DP;
				ENABLE_PREVIEWS = YES;
				GENERATE_INFOPLIST_FILE = YES;
				INFOPLIST_KEY_UIApplicationSceneManifest_Generation = YES;
				INFOPLIST_KEY_UIApplicationSupportsIndirectInputEvents = YES;
				INFOPLIST_KEY_UILaunchScreen_Generation = YES;
				INFOPLIST_KEY_UISupportedInterfaceOrientations_iPad = "UIInterfaceOrientationPortrait UIInterfaceOrientationPortraitUpsideDown UIInterfaceOrientationLandscapeLeft UIInterfaceOrientationLandscapeRight";
				INFOPLIST_KEY_UISupportedInterfaceOrientations_iPhone = "UIInterfaceOrientationPortrait UIInterfaceOrientationLandscapeLeft UIInterfaceOrientationLandscapeRight";
				IPHONEOS_DEPLOYMENT_TARGET = 14.0;
				LD_RUNPATH_SEARCH_PATHS = (
					"$(inherited)",
					"@executable_path/Frameworks",
				);
				MARKETING_VERSION = 1.0;
				PRODUCT_BUNDLE_IDENTIFIER = jp.yuoku.Rel;
				PRODUCT_NAME = "$(TARGET_NAME)";
				SWIFT_EMIT_LOC_STRINGS = YES;
				SWIFT_OBJC_BRIDGING_HEADER = "Rel/App/Rel-Bridging-Header.h";
				SWIFT_VERSION = 5.0;
				TARGETED_DEVICE_FAMILY = "1,2";
			};
			name = Release;
		};
		B6E349512A7E8C1900A3148D /* Debug */ = {
			isa = XCBuildConfiguration;
			baseConfigurationReference = 9B9689DAD6EE353E5A995734 /* Pods-Rel-dev.debug.xcconfig */;
			buildSettings = {
				ASSETCATALOG_COMPILER_APPICON_NAME = AppIcon;
				ASSETCATALOG_COMPILER_GLOBAL_ACCENT_COLOR_NAME = AccentColor;
				CLANG_ENABLE_MODULES = YES;
				CODE_SIGN_STYLE = Automatic;
				CURRENT_PROJECT_VERSION = 1;
				DEVELOPMENT_ASSET_PATHS = "\"Rel/App/Preview Content\"";
				DEVELOPMENT_TEAM = B8PR34D6DP;
				ENABLE_PREVIEWS = YES;
				GENERATE_INFOPLIST_FILE = YES;
				INFOPLIST_KEY_UIApplicationSceneManifest_Generation = YES;
				INFOPLIST_KEY_UIApplicationSupportsIndirectInputEvents = YES;
				INFOPLIST_KEY_UILaunchScreen_Generation = YES;
				INFOPLIST_KEY_UISupportedInterfaceOrientations_iPad = "UIInterfaceOrientationPortrait UIInterfaceOrientationPortraitUpsideDown UIInterfaceOrientationLandscapeLeft UIInterfaceOrientationLandscapeRight";
				INFOPLIST_KEY_UISupportedInterfaceOrientations_iPhone = "UIInterfaceOrientationPortrait UIInterfaceOrientationLandscapeLeft UIInterfaceOrientationLandscapeRight";
				IPHONEOS_DEPLOYMENT_TARGET = 14.0;
				LD_RUNPATH_SEARCH_PATHS = (
					"$(inherited)",
					"@executable_path/Frameworks",
				);
				MARKETING_VERSION = 1.0;
				PRODUCT_BUNDLE_IDENTIFIER = jp.yuoku.Rel;
				PRODUCT_NAME = "$(TARGET_NAME)";
				SWIFT_EMIT_LOC_STRINGS = YES;
				SWIFT_OBJC_BRIDGING_HEADER = "Rel/App/Rel-Bridging-Header.h";
				SWIFT_OPTIMIZATION_LEVEL = "-Onone";
				SWIFT_VERSION = 5.0;
				TARGETED_DEVICE_FAMILY = "1,2";
			};
			name = Debug;
		};
		B6E349522A7E8C1900A3148D /* Release */ = {
			isa = XCBuildConfiguration;
			baseConfigurationReference = 804E5D9300901678D9EE83E8 /* Pods-Rel-dev.release.xcconfig */;
			buildSettings = {
				ASSETCATALOG_COMPILER_APPICON_NAME = AppIcon;
				ASSETCATALOG_COMPILER_GLOBAL_ACCENT_COLOR_NAME = AccentColor;
				CLANG_ENABLE_MODULES = YES;
				CODE_SIGN_STYLE = Automatic;
				CURRENT_PROJECT_VERSION = 1;
				DEVELOPMENT_ASSET_PATHS = "\"Rel/App/Preview Content\"";
				DEVELOPMENT_TEAM = B8PR34D6DP;
				ENABLE_PREVIEWS = YES;
				GENERATE_INFOPLIST_FILE = YES;
				INFOPLIST_KEY_UIApplicationSceneManifest_Generation = YES;
				INFOPLIST_KEY_UIApplicationSupportsIndirectInputEvents = YES;
				INFOPLIST_KEY_UILaunchScreen_Generation = YES;
				INFOPLIST_KEY_UISupportedInterfaceOrientations_iPad = "UIInterfaceOrientationPortrait UIInterfaceOrientationPortraitUpsideDown UIInterfaceOrientationLandscapeLeft UIInterfaceOrientationLandscapeRight";
				INFOPLIST_KEY_UISupportedInterfaceOrientations_iPhone = "UIInterfaceOrientationPortrait UIInterfaceOrientationLandscapeLeft UIInterfaceOrientationLandscapeRight";
				IPHONEOS_DEPLOYMENT_TARGET = 14.0;
				LD_RUNPATH_SEARCH_PATHS = (
					"$(inherited)",
					"@executable_path/Frameworks",
				);
				MARKETING_VERSION = 1.0;
				PRODUCT_BUNDLE_IDENTIFIER = jp.yuoku.Rel;
				PRODUCT_NAME = "$(TARGET_NAME)";
				SWIFT_EMIT_LOC_STRINGS = YES;
				SWIFT_OBJC_BRIDGING_HEADER = "Rel/App/Rel-Bridging-Header.h";
				SWIFT_VERSION = 5.0;
				TARGETED_DEVICE_FAMILY = "1,2";
			};
			name = Release;
		};
		B6E349692A7E8C5F00A3148D /* Debug */ = {
			isa = XCBuildConfiguration;
			baseConfigurationReference = 49DBC61485176FBA54A349C6 /* Pods-Rel-stg.debug.xcconfig */;
			buildSettings = {
				ASSETCATALOG_COMPILER_APPICON_NAME = AppIcon;
				ASSETCATALOG_COMPILER_GLOBAL_ACCENT_COLOR_NAME = AccentColor;
				CLANG_ENABLE_MODULES = YES;
				CODE_SIGN_STYLE = Automatic;
				CURRENT_PROJECT_VERSION = 1;
				DEVELOPMENT_ASSET_PATHS = "\"Rel/App/Preview Content\"";
				DEVELOPMENT_TEAM = B8PR34D6DP;
				ENABLE_PREVIEWS = YES;
				GENERATE_INFOPLIST_FILE = YES;
				INFOPLIST_KEY_UIApplicationSceneManifest_Generation = YES;
				INFOPLIST_KEY_UIApplicationSupportsIndirectInputEvents = YES;
				INFOPLIST_KEY_UILaunchScreen_Generation = YES;
				INFOPLIST_KEY_UISupportedInterfaceOrientations_iPad = "UIInterfaceOrientationPortrait UIInterfaceOrientationPortraitUpsideDown UIInterfaceOrientationLandscapeLeft UIInterfaceOrientationLandscapeRight";
				INFOPLIST_KEY_UISupportedInterfaceOrientations_iPhone = "UIInterfaceOrientationPortrait UIInterfaceOrientationLandscapeLeft UIInterfaceOrientationLandscapeRight";
				IPHONEOS_DEPLOYMENT_TARGET = 14.0;
				LD_RUNPATH_SEARCH_PATHS = (
					"$(inherited)",
					"@executable_path/Frameworks",
				);
				MARKETING_VERSION = 1.0;
				PRODUCT_BUNDLE_IDENTIFIER = jp.yuoku.Rel;
				PRODUCT_NAME = "$(TARGET_NAME)";
				SWIFT_EMIT_LOC_STRINGS = YES;
				SWIFT_OBJC_BRIDGING_HEADER = "Rel/App/Rel-Bridging-Header.h";
				SWIFT_OPTIMIZATION_LEVEL = "-Onone";
				SWIFT_VERSION = 5.0;
				TARGETED_DEVICE_FAMILY = "1,2";
			};
			name = Debug;
		};
		B6E3496A2A7E8C5F00A3148D /* Release */ = {
			isa = XCBuildConfiguration;
			baseConfigurationReference = 68364C3F2D8F4C1AC19A794B /* Pods-Rel-stg.release.xcconfig */;
			buildSettings = {
				ASSETCATALOG_COMPILER_APPICON_NAME = AppIcon;
				ASSETCATALOG_COMPILER_GLOBAL_ACCENT_COLOR_NAME = AccentColor;
				CLANG_ENABLE_MODULES = YES;
				CODE_SIGN_STYLE = Automatic;
				CURRENT_PROJECT_VERSION = 1;
				DEVELOPMENT_ASSET_PATHS = "\"Rel/App/Preview Content\"";
				DEVELOPMENT_TEAM = B8PR34D6DP;
				ENABLE_PREVIEWS = YES;
				GENERATE_INFOPLIST_FILE = YES;
				INFOPLIST_KEY_UIApplicationSceneManifest_Generation = YES;
				INFOPLIST_KEY_UIApplicationSupportsIndirectInputEvents = YES;
				INFOPLIST_KEY_UILaunchScreen_Generation = YES;
				INFOPLIST_KEY_UISupportedInterfaceOrientations_iPad = "UIInterfaceOrientationPortrait UIInterfaceOrientationPortraitUpsideDown UIInterfaceOrientationLandscapeLeft UIInterfaceOrientationLandscapeRight";
				INFOPLIST_KEY_UISupportedInterfaceOrientations_iPhone = "UIInterfaceOrientationPortrait UIInterfaceOrientationLandscapeLeft UIInterfaceOrientationLandscapeRight";
				IPHONEOS_DEPLOYMENT_TARGET = 14.0;
				LD_RUNPATH_SEARCH_PATHS = (
					"$(inherited)",
					"@executable_path/Frameworks",
				);
				MARKETING_VERSION = 1.0;
				PRODUCT_BUNDLE_IDENTIFIER = jp.yuoku.Rel;
				PRODUCT_NAME = "$(TARGET_NAME)";
				SWIFT_EMIT_LOC_STRINGS = YES;
				SWIFT_OBJC_BRIDGING_HEADER = "Rel/App/Rel-Bridging-Header.h";
				SWIFT_VERSION = 5.0;
				TARGETED_DEVICE_FAMILY = "1,2";
			};
			name = Release;
		};
		B6E349932A7E8D8D00A3148D /* Debug */ = {
			isa = XCBuildConfiguration;
			baseConfigurationReference = 025956423399C64B3CB4485D /* Pods-Rel-devTests.debug.xcconfig */;
			buildSettings = {
				BUNDLE_LOADER = "$(TEST_HOST)";
				CODE_SIGN_STYLE = Automatic;
				CURRENT_PROJECT_VERSION = 1;
				DEVELOPMENT_TEAM = B8PR34D6DP;
				GENERATE_INFOPLIST_FILE = YES;
				IPHONEOS_DEPLOYMENT_TARGET = 14.0;
				MARKETING_VERSION = 1.0;
				PRODUCT_BUNDLE_IDENTIFIER = "jp.yuoku.Rel-devTests";
				PRODUCT_NAME = "$(TARGET_NAME)";
				SWIFT_EMIT_LOC_STRINGS = NO;
				SWIFT_VERSION = 5.0;
				TARGETED_DEVICE_FAMILY = "1,2";
				TEST_HOST = "$(BUILT_PRODUCTS_DIR)/Rel-dev.app/$(BUNDLE_EXECUTABLE_FOLDER_PATH)/Rel-dev";
			};
			name = Debug;
		};
		B6E349942A7E8D8D00A3148D /* Release */ = {
			isa = XCBuildConfiguration;
			baseConfigurationReference = 9417D5E1AEB0CB34BE78BF43 /* Pods-Rel-devTests.release.xcconfig */;
			buildSettings = {
				BUNDLE_LOADER = "$(TEST_HOST)";
				CODE_SIGN_STYLE = Automatic;
				CURRENT_PROJECT_VERSION = 1;
				DEVELOPMENT_TEAM = B8PR34D6DP;
				GENERATE_INFOPLIST_FILE = YES;
				IPHONEOS_DEPLOYMENT_TARGET = 14.0;
				MARKETING_VERSION = 1.0;
				PRODUCT_BUNDLE_IDENTIFIER = "jp.yuoku.Rel-devTests";
				PRODUCT_NAME = "$(TARGET_NAME)";
				SWIFT_EMIT_LOC_STRINGS = NO;
				SWIFT_VERSION = 5.0;
				TARGETED_DEVICE_FAMILY = "1,2";
				TEST_HOST = "$(BUILT_PRODUCTS_DIR)/Rel-dev.app/$(BUNDLE_EXECUTABLE_FOLDER_PATH)/Rel-dev";
			};
			name = Release;
		};
/* End XCBuildConfiguration section */

/* Begin XCConfigurationList section */
		B637A99B2A7D26C900C73812 /* Build configuration list for PBXProject "Rel" */ = {
			isa = XCConfigurationList;
			buildConfigurations = (
				B637A9C22A7D26CA00C73812 /* Debug */,
				B637A9C32A7D26CA00C73812 /* Release */,
			);
			defaultConfigurationIsVisible = 0;
			defaultConfigurationName = Release;
		};
		B637A9C42A7D26CA00C73812 /* Build configuration list for PBXNativeTarget "Rel" */ = {
			isa = XCConfigurationList;
			buildConfigurations = (
				B637A9C52A7D26CA00C73812 /* Debug */,
				B637A9C62A7D26CA00C73812 /* Release */,
			);
			defaultConfigurationIsVisible = 0;
			defaultConfigurationName = Release;
		};
		B6E349502A7E8C1900A3148D /* Build configuration list for PBXNativeTarget "Rel-dev" */ = {
			isa = XCConfigurationList;
			buildConfigurations = (
				B6E349512A7E8C1900A3148D /* Debug */,
				B6E349522A7E8C1900A3148D /* Release */,
			);
			defaultConfigurationIsVisible = 0;
			defaultConfigurationName = Release;
		};
		B6E349682A7E8C5F00A3148D /* Build configuration list for PBXNativeTarget "Rel-stg" */ = {
			isa = XCConfigurationList;
			buildConfigurations = (
				B6E349692A7E8C5F00A3148D /* Debug */,
				B6E3496A2A7E8C5F00A3148D /* Release */,
			);
			defaultConfigurationIsVisible = 0;
			defaultConfigurationName = Release;
		};
		B6E349922A7E8D8D00A3148D /* Build configuration list for PBXNativeTarget "Rel-devTests" */ = {
			isa = XCConfigurationList;
			buildConfigurations = (
				B6E349932A7E8D8D00A3148D /* Debug */,
				B6E349942A7E8D8D00A3148D /* Release */,
			);
			defaultConfigurationIsVisible = 0;
			defaultConfigurationName = Release;
		};
/* End XCConfigurationList section */
	};
	rootObject = B637A9982A7D26C900C73812 /* Project object */;
}
